// !$*UTF8*$!
{
	archiveVersion = 1;
	classes = {
	};
	objectVersion = 55;
	objects = {

/* Begin PBXBuildFile section */
		949F6EFD280A94B7006C8F6B /* AppDelegate.swift in Sources */ = {isa = PBXBuildFile; fileRef = 949F6EFC280A94B7006C8F6B /* AppDelegate.swift */; };
		949F6EFF280A94B7006C8F6B /* SceneDelegate.swift in Sources */ = {isa = PBXBuildFile; fileRef = 949F6EFE280A94B7006C8F6B /* SceneDelegate.swift */; };
		949F6F04280A94B7006C8F6B /* Main.storyboard in Resources */ = {isa = PBXBuildFile; fileRef = 949F6F02280A94B7006C8F6B /* Main.storyboard */; };
		949F6F06280A94B8006C8F6B /* Assets.xcassets in Resources */ = {isa = PBXBuildFile; fileRef = 949F6F05280A94B8006C8F6B /* Assets.xcassets */; };
		949F6F09280A94B8006C8F6B /* LaunchScreen.storyboard in Resources */ = {isa = PBXBuildFile; fileRef = 949F6F07280A94B8006C8F6B /* LaunchScreen.storyboard */; };
		949F6F14280A94B8006C8F6B /* SymbolRollerTests.swift in Sources */ = {isa = PBXBuildFile; fileRef = 949F6F13280A94B8006C8F6B /* SymbolRollerTests.swift */; };
		949F6F1E280A94B8006C8F6B /* SymbolRollerUITests.swift in Sources */ = {isa = PBXBuildFile; fileRef = 949F6F1D280A94B8006C8F6B /* SymbolRollerUITests.swift */; };
		949F6F20280A94B8006C8F6B /* SymbolRollerUITestsLaunchTests.swift in Sources */ = {isa = PBXBuildFile; fileRef = 949F6F1F280A94B8006C8F6B /* SymbolRollerUITestsLaunchTests.swift */; };
		949F6F2D280A94E2006C8F6B /* SymbolRollerViewController.swift in Sources */ = {isa = PBXBuildFile; fileRef = 949F6F2C280A94E2006C8F6B /* SymbolRollerViewController.swift */; };
/* End PBXBuildFile section */

/* Begin PBXContainerItemProxy section */
		949F6F10280A94B8006C8F6B /* PBXContainerItemProxy */ = {
			isa = PBXContainerItemProxy;
			containerPortal = 949F6EF1280A94B7006C8F6B /* Project object */;
			proxyType = 1;
			remoteGlobalIDString = 949F6EF8280A94B7006C8F6B;
			remoteInfo = SymbolRoller;
		};
		949F6F1A280A94B8006C8F6B /* PBXContainerItemProxy */ = {
			isa = PBXContainerItemProxy;
			containerPortal = 949F6EF1280A94B7006C8F6B /* Project object */;
			proxyType = 1;
			remoteGlobalIDString = 949F6EF8280A94B7006C8F6B;
			remoteInfo = SymbolRoller;
		};
/* End PBXContainerItemProxy section */

/* Begin PBXFileReference section */
		949F6EF9280A94B7006C8F6B /* SymbolRoller.app */ = {isa = PBXFileReference; explicitFileType = wrapper.application; includeInIndex = 0; path = SymbolRoller.app; sourceTree = BUILT_PRODUCTS_DIR; };
		949F6EFC280A94B7006C8F6B /* AppDelegate.swift */ = {isa = PBXFileReference; lastKnownFileType = sourcecode.swift; path = AppDelegate.swift; sourceTree = "<group>"; };
		949F6EFE280A94B7006C8F6B /* SceneDelegate.swift */ = {isa = PBXFileReference; lastKnownFileType = sourcecode.swift; path = SceneDelegate.swift; sourceTree = "<group>"; };
		949F6F03280A94B7006C8F6B /* Base */ = {isa = PBXFileReference; lastKnownFileType = file.storyboard; name = Base; path = Base.lproj/Main.storyboard; sourceTree = "<group>"; };
		949F6F05280A94B8006C8F6B /* Assets.xcassets */ = {isa = PBXFileReference; lastKnownFileType = folder.assetcatalog; path = Assets.xcassets; sourceTree = "<group>"; };
		949F6F08280A94B8006C8F6B /* Base */ = {isa = PBXFileReference; lastKnownFileType = file.storyboard; name = Base; path = Base.lproj/LaunchScreen.storyboard; sourceTree = "<group>"; };
		949F6F0A280A94B8006C8F6B /* Info.plist */ = {isa = PBXFileReference; lastKnownFileType = text.plist.xml; path = Info.plist; sourceTree = "<group>"; };
		949F6F0F280A94B8006C8F6B /* SymbolRollerTests.xctest */ = {isa = PBXFileReference; explicitFileType = wrapper.cfbundle; includeInIndex = 0; path = SymbolRollerTests.xctest; sourceTree = BUILT_PRODUCTS_DIR; };
		949F6F13280A94B8006C8F6B /* SymbolRollerTests.swift */ = {isa = PBXFileReference; lastKnownFileType = sourcecode.swift; path = SymbolRollerTests.swift; sourceTree = "<group>"; };
		949F6F19280A94B8006C8F6B /* SymbolRollerUITests.xctest */ = {isa = PBXFileReference; explicitFileType = wrapper.cfbundle; includeInIndex = 0; path = SymbolRollerUITests.xctest; sourceTree = BUILT_PRODUCTS_DIR; };
		949F6F1D280A94B8006C8F6B /* SymbolRollerUITests.swift */ = {isa = PBXFileReference; lastKnownFileType = sourcecode.swift; path = SymbolRollerUITests.swift; sourceTree = "<group>"; };
		949F6F1F280A94B8006C8F6B /* SymbolRollerUITestsLaunchTests.swift */ = {isa = PBXFileReference; lastKnownFileType = sourcecode.swift; path = SymbolRollerUITestsLaunchTests.swift; sourceTree = "<group>"; };
		949F6F2C280A94E2006C8F6B /* SymbolRollerViewController.swift */ = {isa = PBXFileReference; lastKnownFileType = sourcecode.swift; path = SymbolRollerViewController.swift; sourceTree = "<group>"; };
/* End PBXFileReference section */

/* Begin PBXFrameworksBuildPhase section */
		949F6EF6280A94B7006C8F6B /* Frameworks */ = {
			isa = PBXFrameworksBuildPhase;
			buildActionMask = 2147483647;
			files = (
			);
			runOnlyForDeploymentPostprocessing = 0;
		};
		949F6F0C280A94B8006C8F6B /* Frameworks */ = {
			isa = PBXFrameworksBuildPhase;
			buildActionMask = 2147483647;
			files = (
			);
			runOnlyForDeploymentPostprocessing = 0;
		};
		949F6F16280A94B8006C8F6B /* Frameworks */ = {
			isa = PBXFrameworksBuildPhase;
			buildActionMask = 2147483647;
			files = (
			);
			runOnlyForDeploymentPostprocessing = 0;
		};
/* End PBXFrameworksBuildPhase section */

/* Begin PBXGroup section */
		949F6EF0280A94B7006C8F6B = {
			isa = PBXGroup;
			children = (
				949F6EFB280A94B7006C8F6B /* SymbolRoller */,
				949F6F12280A94B8006C8F6B /* SymbolRollerTests */,
				949F6F1C280A94B8006C8F6B /* SymbolRollerUITests */,
				949F6EFA280A94B7006C8F6B /* Products */,
			);
			sourceTree = "<group>";
		};
		949F6EFA280A94B7006C8F6B /* Products */ = {
			isa = PBXGroup;
			children = (
				949F6EF9280A94B7006C8F6B /* SymbolRoller.app */,
				949F6F0F280A94B8006C8F6B /* SymbolRollerTests.xctest */,
				949F6F19280A94B8006C8F6B /* SymbolRollerUITests.xctest */,
			);
			name = Products;
			sourceTree = "<group>";
		};
		949F6EFB280A94B7006C8F6B /* SymbolRoller */ = {
			isa = PBXGroup;
			children = (
				949F6EFC280A94B7006C8F6B /* AppDelegate.swift */,
				949F6EFE280A94B7006C8F6B /* SceneDelegate.swift */,
				949F6F2C280A94E2006C8F6B /* SymbolRollerViewController.swift */,
				949F6F02280A94B7006C8F6B /* Main.storyboard */,
				949F6F05280A94B8006C8F6B /* Assets.xcassets */,
				949F6F07280A94B8006C8F6B /* LaunchScreen.storyboard */,
				949F6F0A280A94B8006C8F6B /* Info.plist */,
			);
			path = SymbolRoller;
			sourceTree = "<group>";
		};
		949F6F12280A94B8006C8F6B /* SymbolRollerTests */ = {
			isa = PBXGroup;
			children = (
				949F6F13280A94B8006C8F6B /* SymbolRollerTests.swift */,
			);
			path = SymbolRollerTests;
			sourceTree = "<group>";
		};
		949F6F1C280A94B8006C8F6B /* SymbolRollerUITests */ = {
			isa = PBXGroup;
			children = (
				949F6F1D280A94B8006C8F6B /* SymbolRollerUITests.swift */,
				949F6F1F280A94B8006C8F6B /* SymbolRollerUITestsLaunchTests.swift */,
			);
			path = SymbolRollerUITests;
			sourceTree = "<group>";
		};
/* End PBXGroup section */

/* Begin PBXNativeTarget section */
		949F6EF8280A94B7006C8F6B /* SymbolRoller */ = {
			isa = PBXNativeTarget;
			buildConfigurationList = 949F6F23280A94B8006C8F6B /* Build configuration list for PBXNativeTarget "SymbolRoller" */;
			buildPhases = (
				949F6EF5280A94B7006C8F6B /* Sources */,
				949F6EF6280A94B7006C8F6B /* Frameworks */,
				949F6EF7280A94B7006C8F6B /* Resources */,
			);
			buildRules = (
			);
			dependencies = (
			);
			name = SymbolRoller;
			productName = SymbolRoller;
			productReference = 949F6EF9280A94B7006C8F6B /* SymbolRoller.app */;
			productType = "com.apple.product-type.application";
		};
		949F6F0E280A94B8006C8F6B /* SymbolRollerTests */ = {
			isa = PBXNativeTarget;
			buildConfigurationList = 949F6F26280A94B8006C8F6B /* Build configuration list for PBXNativeTarget "SymbolRollerTests" */;
			buildPhases = (
				949F6F0B280A94B8006C8F6B /* Sources */,
				949F6F0C280A94B8006C8F6B /* Frameworks */,
				949F6F0D280A94B8006C8F6B /* Resources */,
			);
			buildRules = (
			);
			dependencies = (
				949F6F11280A94B8006C8F6B /* PBXTargetDependency */,
			);
			name = SymbolRollerTests;
			productName = SymbolRollerTests;
			productReference = 949F6F0F280A94B8006C8F6B /* SymbolRollerTests.xctest */;
			productType = "com.apple.product-type.bundle.unit-test";
		};
		949F6F18280A94B8006C8F6B /* SymbolRollerUITests */ = {
			isa = PBXNativeTarget;
			buildConfigurationList = 949F6F29280A94B8006C8F6B /* Build configuration list for PBXNativeTarget "SymbolRollerUITests" */;
			buildPhases = (
				949F6F15280A94B8006C8F6B /* Sources */,
				949F6F16280A94B8006C8F6B /* Frameworks */,
				949F6F17280A94B8006C8F6B /* Resources */,
			);
			buildRules = (
			);
			dependencies = (
				949F6F1B280A94B8006C8F6B /* PBXTargetDependency */,
			);
			name = SymbolRollerUITests;
			productName = SymbolRollerUITests;
			productReference = 949F6F19280A94B8006C8F6B /* SymbolRollerUITests.xctest */;
			productType = "com.apple.product-type.bundle.ui-testing";
		};
/* End PBXNativeTarget section */

/* Begin PBXProject section */
		949F6EF1280A94B7006C8F6B /* Project object */ = {
			isa = PBXProject;
			attributes = {
				BuildIndependentTargetsInParallel = 1;
				LastSwiftUpdateCheck = 1330;
				LastUpgradeCheck = 1330;
				TargetAttributes = {
					949F6EF8280A94B7006C8F6B = {
						CreatedOnToolsVersion = 13.3;
					};
					949F6F0E280A94B8006C8F6B = {
						CreatedOnToolsVersion = 13.3;
						TestTargetID = 949F6EF8280A94B7006C8F6B;
					};
					949F6F18280A94B8006C8F6B = {
						CreatedOnToolsVersion = 13.3;
						TestTargetID = 949F6EF8280A94B7006C8F6B;
					};
				};
			};
			buildConfigurationList = 949F6EF4280A94B7006C8F6B /* Build configuration list for PBXProject "SymbolRoller" */;
			compatibilityVersion = "Xcode 13.0";
			developmentRegion = en;
			hasScannedForEncodings = 0;
			knownRegions = (
				en,
				Base,
			);
			mainGroup = 949F6EF0280A94B7006C8F6B;
			productRefGroup = 949F6EFA280A94B7006C8F6B /* Products */;
			projectDirPath = "";
			projectRoot = "";
			targets = (
				949F6EF8280A94B7006C8F6B /* SymbolRoller */,
				949F6F0E280A94B8006C8F6B /* SymbolRollerTests */,
				949F6F18280A94B8006C8F6B /* SymbolRollerUITests */,
			);
		};
/* End PBXProject section */

/* Begin PBXResourcesBuildPhase section */
		949F6EF7280A94B7006C8F6B /* Resources */ = {
			isa = PBXResourcesBuildPhase;
			buildActionMask = 2147483647;
			files = (
				949F6F09280A94B8006C8F6B /* LaunchScreen.storyboard in Resources */,
				949F6F06280A94B8006C8F6B /* Assets.xcassets in Resources */,
				949F6F04280A94B7006C8F6B /* Main.storyboard in Resources */,
			);
			runOnlyForDeploymentPostprocessing = 0;
		};
		949F6F0D280A94B8006C8F6B /* Resources */ = {
			isa = PBXResourcesBuildPhase;
			buildActionMask = 2147483647;
			files = (
			);
			runOnlyForDeploymentPostprocessing = 0;
		};
		949F6F17280A94B8006C8F6B /* Resources */ = {
			isa = PBXResourcesBuildPhase;
			buildActionMask = 2147483647;
			files = (
			);
			runOnlyForDeploymentPostprocessing = 0;
		};
/* End PBXResourcesBuildPhase section */

/* Begin PBXSourcesBuildPhase section */
		949F6EF5280A94B7006C8F6B /* Sources */ = {
			isa = PBXSourcesBuildPhase;
			buildActionMask = 2147483647;
			files = (
				949F6F2D280A94E2006C8F6B /* SymbolRollerViewController.swift in Sources */,
				949F6EFD280A94B7006C8F6B /* AppDelegate.swift in Sources */,
				949F6EFF280A94B7006C8F6B /* SceneDelegate.swift in Sources */,
			);
			runOnlyForDeploymentPostprocessing = 0;
		};
		949F6F0B280A94B8006C8F6B /* Sources */ = {
			isa = PBXSourcesBuildPhase;
			buildActionMask = 2147483647;
			files = (
				949F6F14280A94B8006C8F6B /* SymbolRollerTests.swift in Sources */,
			);
			runOnlyForDeploymentPostprocessing = 0;
		};
		949F6F15280A94B8006C8F6B /* Sources */ = {
			isa = PBXSourcesBuildPhase;
			buildActionMask = 2147483647;
			files = (
				949F6F20280A94B8006C8F6B /* SymbolRollerUITestsLaunchTests.swift in Sources */,
				949F6F1E280A94B8006C8F6B /* SymbolRollerUITests.swift in Sources */,
			);
			runOnlyForDeploymentPostprocessing = 0;
		};
/* End PBXSourcesBuildPhase section */

/* Begin PBXTargetDependency section */
		949F6F11280A94B8006C8F6B /* PBXTargetDependency */ = {
			isa = PBXTargetDependency;
			target = 949F6EF8280A94B7006C8F6B /* SymbolRoller */;
			targetProxy = 949F6F10280A94B8006C8F6B /* PBXContainerItemProxy */;
		};
		949F6F1B280A94B8006C8F6B /* PBXTargetDependency */ = {
			isa = PBXTargetDependency;
			target = 949F6EF8280A94B7006C8F6B /* SymbolRoller */;
			targetProxy = 949F6F1A280A94B8006C8F6B /* PBXContainerItemProxy */;
		};
/* End PBXTargetDependency section */

/* Begin PBXVariantGroup section */
		949F6F02280A94B7006C8F6B /* Main.storyboard */ = {
			isa = PBXVariantGroup;
			children = (
				949F6F03280A94B7006C8F6B /* Base */,
			);
			name = Main.storyboard;
			sourceTree = "<group>";
		};
		949F6F07280A94B8006C8F6B /* LaunchScreen.storyboard */ = {
			isa = PBXVariantGroup;
			children = (
				949F6F08280A94B8006C8F6B /* Base */,
			);
			name = LaunchScreen.storyboard;
			sourceTree = "<group>";
		};
/* End PBXVariantGroup section */

/* Begin XCBuildConfiguration section */
		949F6F21280A94B8006C8F6B /* Debug */ = {
			isa = XCBuildConfiguration;
			buildSettings = {
				ALWAYS_SEARCH_USER_PATHS = NO;
				CLANG_ANALYZER_NONNULL = YES;
				CLANG_ANALYZER_NUMBER_OBJECT_CONVERSION = YES_AGGRESSIVE;
				CLANG_CXX_LANGUAGE_STANDARD = "gnu++17";
				CLANG_ENABLE_MODULES = YES;
				CLANG_ENABLE_OBJC_ARC = YES;
				CLANG_ENABLE_OBJC_WEAK = YES;
				CLANG_WARN_BLOCK_CAPTURE_AUTORELEASING = YES;
				CLANG_WARN_BOOL_CONVERSION = YES;
				CLANG_WARN_COMMA = YES;
				CLANG_WARN_CONSTANT_CONVERSION = YES;
				CLANG_WARN_DEPRECATED_OBJC_IMPLEMENTATIONS = YES;
				CLANG_WARN_DIRECT_OBJC_ISA_USAGE = YES_ERROR;
				CLANG_WARN_DOCUMENTATION_COMMENTS = YES;
				CLANG_WARN_EMPTY_BODY = YES;
				CLANG_WARN_ENUM_CONVERSION = YES;
				CLANG_WARN_INFINITE_RECURSION = YES;
				CLANG_WARN_INT_CONVERSION = YES;
				CLANG_WARN_NON_LITERAL_NULL_CONVERSION = YES;
				CLANG_WARN_OBJC_IMPLICIT_RETAIN_SELF = YES;
				CLANG_WARN_OBJC_LITERAL_CONVERSION = YES;
				CLANG_WARN_OBJC_ROOT_CLASS = YES_ERROR;
				CLANG_WARN_QUOTED_INCLUDE_IN_FRAMEWORK_HEADER = YES;
				CLANG_WARN_RANGE_LOOP_ANALYSIS = YES;
				CLANG_WARN_STRICT_PROTOTYPES = YES;
				CLANG_WARN_SUSPICIOUS_MOVE = YES;
				CLANG_WARN_UNGUARDED_AVAILABILITY = YES_AGGRESSIVE;
				CLANG_WARN_UNREACHABLE_CODE = YES;
				CLANG_WARN__DUPLICATE_METHOD_MATCH = YES;
				COPY_PHASE_STRIP = NO;
				DEBUG_INFORMATION_FORMAT = dwarf;
				ENABLE_STRICT_OBJC_MSGSEND = YES;
				ENABLE_TESTABILITY = YES;
				GCC_C_LANGUAGE_STANDARD = gnu11;
				GCC_DYNAMIC_NO_PIC = NO;
				GCC_NO_COMMON_BLOCKS = YES;
				GCC_OPTIMIZATION_LEVEL = 0;
				GCC_PREPROCESSOR_DEFINITIONS = (
					"DEBUG=1",
					"$(inherited)",
				);
				GCC_WARN_64_TO_32_BIT_CONVERSION = YES;
				GCC_WARN_ABOUT_RETURN_TYPE = YES_ERROR;
				GCC_WARN_UNDECLARED_SELECTOR = YES;
				GCC_WARN_UNINITIALIZED_AUTOS = YES_AGGRESSIVE;
				GCC_WARN_UNUSED_FUNCTION = YES;
				GCC_WARN_UNUSED_VARIABLE = YES;
				IPHONEOS_DEPLOYMENT_TARGET = 15.4;
				MTL_ENABLE_DEBUG_INFO = INCLUDE_SOURCE;
				MTL_FAST_MATH = YES;
				ONLY_ACTIVE_ARCH = YES;
				SDKROOT = iphoneos;
				SWIFT_ACTIVE_COMPILATION_CONDITIONS = DEBUG;
				SWIFT_OPTIMIZATION_LEVEL = "-Onone";
			};
			name = Debug;
		};
		949F6F22280A94B8006C8F6B /* Release */ = {
			isa = XCBuildConfiguration;
			buildSettings = {
				ALWAYS_SEARCH_USER_PATHS = NO;
				CLANG_ANALYZER_NONNULL = YES;
				CLANG_ANALYZER_NUMBER_OBJECT_CONVERSION = YES_AGGRESSIVE;
				CLANG_CXX_LANGUAGE_STANDARD = "gnu++17";
				CLANG_ENABLE_MODULES = YES;
				CLANG_ENABLE_OBJC_ARC = YES;
				CLANG_ENABLE_OBJC_WEAK = YES;
				CLANG_WARN_BLOCK_CAPTURE_AUTORELEASING = YES;
				CLANG_WARN_BOOL_CONVERSION = YES;
				CLANG_WARN_COMMA = YES;
				CLANG_WARN_CONSTANT_CONVERSION = YES;
				CLANG_WARN_DEPRECATED_OBJC_IMPLEMENTATIONS = YES;
				CLANG_WARN_DIRECT_OBJC_ISA_USAGE = YES_ERROR;
				CLANG_WARN_DOCUMENTATION_COMMENTS = YES;
				CLANG_WARN_EMPTY_BODY = YES;
				CLANG_WARN_ENUM_CONVERSION = YES;
				CLANG_WARN_INFINITE_RECURSION = YES;
				CLANG_WARN_INT_CONVERSION = YES;
				CLANG_WARN_NON_LITERAL_NULL_CONVERSION = YES;
				CLANG_WARN_OBJC_IMPLICIT_RETAIN_SELF = YES;
				CLANG_WARN_OBJC_LITERAL_CONVERSION = YES;
				CLANG_WARN_OBJC_ROOT_CLASS = YES_ERROR;
				CLANG_WARN_QUOTED_INCLUDE_IN_FRAMEWORK_HEADER = YES;
				CLANG_WARN_RANGE_LOOP_ANALYSIS = YES;
				CLANG_WARN_STRICT_PROTOTYPES = YES;
				CLANG_WARN_SUSPICIOUS_MOVE = YES;
				CLANG_WARN_UNGUARDED_AVAILABILITY = YES_AGGRESSIVE;
				CLANG_WARN_UNREACHABLE_CODE = YES;
				CLANG_WARN__DUPLICATE_METHOD_MATCH = YES;
				COPY_PHASE_STRIP = NO;
				DEBUG_INFORMATION_FORMAT = "dwarf-with-dsym";
				ENABLE_NS_ASSERTIONS = NO;
				ENABLE_STRICT_OBJC_MSGSEND = YES;
				GCC_C_LANGUAGE_STANDARD = gnu11;
				GCC_NO_COMMON_BLOCKS = YES;
				GCC_WARN_64_TO_32_BIT_CONVERSION = YES;
				GCC_WARN_ABOUT_RETURN_TYPE = YES_ERROR;
				GCC_WARN_UNDECLARED_SELECTOR = YES;
				GCC_WARN_UNINITIALIZED_AUTOS = YES_AGGRESSIVE;
				GCC_WARN_UNUSED_FUNCTION = YES;
				GCC_WARN_UNUSED_VARIABLE = YES;
				IPHONEOS_DEPLOYMENT_TARGET = 15.4;
				MTL_ENABLE_DEBUG_INFO = NO;
				MTL_FAST_MATH = YES;
				SDKROOT = iphoneos;
				SWIFT_COMPILATION_MODE = wholemodule;
				SWIFT_OPTIMIZATION_LEVEL = "-O";
				VALIDATE_PRODUCT = YES;
			};
			name = Release;
		};
		949F6F24280A94B8006C8F6B /* Debug */ = {
			isa = XCBuildConfiguration;
			buildSettings = {
				ASSETCATALOG_COMPILER_APPICON_NAME = AppIcon;
				ASSETCATALOG_COMPILER_GLOBAL_ACCENT_COLOR_NAME = AccentColor;
				CODE_SIGN_STYLE = Automatic;
				CURRENT_PROJECT_VERSION = 1;
				DEVELOPMENT_TEAM = C98APEMDUR;
				GENERATE_INFOPLIST_FILE = YES;
				INFOPLIST_FILE = SymbolRoller/Info.plist;
				INFOPLIST_KEY_UIApplicationSupportsIndirectInputEvents = YES;
				INFOPLIST_KEY_UILaunchStoryboardName = LaunchScreen;
				INFOPLIST_KEY_UIMainStoryboardFile = Main;
				INFOPLIST_KEY_UISupportedInterfaceOrientations_iPad = "UIInterfaceOrientationPortrait UIInterfaceOrientationPortraitUpsideDown UIInterfaceOrientationLandscapeLeft UIInterfaceOrientationLandscapeRight";
				INFOPLIST_KEY_UISupportedInterfaceOrientations_iPhone = "UIInterfaceOrientationPortrait UIInterfaceOrientationLandscapeLeft UIInterfaceOrientationLandscapeRight";
				LD_RUNPATH_SEARCH_PATHS = (
					"$(inherited)",
					"@executable_path/Frameworks",
				);
				MARKETING_VERSION = 1.0;
				PRODUCT_BUNDLE_IDENTIFIER = com.joonwon.SymbolRoller;
				PRODUCT_NAME = "$(TARGET_NAME)";
				SWIFT_EMIT_LOC_STRINGS = YES;
				SWIFT_VERSION = 5.0;
				TARGETED_DEVICE_FAMILY = "1,2";
			};
			name = Debug;
		};
		949F6F25280A94B8006C8F6B /* Release */ = {
			isa = XCBuildConfiguration;
			buildSettings = {
				ASSETCATALOG_COMPILER_APPICON_NAME = AppIcon;
				ASSETCATALOG_COMPILER_GLOBAL_ACCENT_COLOR_NAME = AccentColor;
				CODE_SIGN_STYLE = Automatic;
				CURRENT_PROJECT_VERSION = 1;
				DEVELOPMENT_TEAM = C98APEMDUR;
				GENERATE_INFOPLIST_FILE = YES;
				INFOPLIST_FILE = SymbolRoller/Info.plist;
				INFOPLIST_KEY_UIApplicationSupportsIndirectInputEvents = YES;
				INFOPLIST_KEY_UILaunchStoryboardName = LaunchScreen;
				INFOPLIST_KEY_UIMainStoryboardFile = Main;
				INFOPLIST_KEY_UISupportedInterfaceOrientations_iPad = "UIInterfaceOrientationPortrait UIInterfaceOrientationPortraitUpsideDown UIInterfaceOrientationLandscapeLeft UIInterfaceOrientationLandscapeRight";
				INFOPLIST_KEY_UISupportedInterfaceOrientations_iPhone = "UIInterfaceOrientationPortrait UIInterfaceOrientationLandscapeLeft UIInterfaceOrientationLandscapeRight";
				LD_RUNPATH_SEARCH_PATHS = (
					"$(inherited)",
					"@executable_path/Frameworks",
				);
				MARKETING_VERSION = 1.0;
				PRODUCT_BUNDLE_IDENTIFIER = com.joonwon.SymbolRoller;
				PRODUCT_NAME = "$(TARGET_NAME)";
				SWIFT_EMIT_LOC_STRINGS = YES;
				SWIFT_VERSION = 5.0;
				TARGETED_DEVICE_FAMILY = "1,2";
			};
			name = Release;
		};
		949F6F27280A94B8006C8F6B /* Debug */ = {
			isa = XCBuildConfiguration;
			buildSettings = {
				ALWAYS_EMBED_SWIFT_STANDARD_LIBRARIES = YES;
				BUNDLE_LOADER = "$(TEST_HOST)";
				CODE_SIGN_STYLE = Automatic;
				CURRENT_PROJECT_VERSION = 1;
				DEVELOPMENT_TEAM = C98APEMDUR;
				GENERATE_INFOPLIST_FILE = YES;
				IPHONEOS_DEPLOYMENT_TARGET = 15.4;
				MARKETING_VERSION = 1.0;
				PRODUCT_BUNDLE_IDENTIFIER = com.joonwon.SymbolRollerTests;
				PRODUCT_NAME = "$(TARGET_NAME)";
				SWIFT_EMIT_LOC_STRINGS = NO;
				SWIFT_VERSION = 5.0;
				TARGETED_DEVICE_FAMILY = "1,2";
				TEST_HOST = "$(BUILT_PRODUCTS_DIR)/SymbolRoller.app/SymbolRoller";
			};
			name = Debug;
		};
		949F6F28280A94B8006C8F6B /* Release */ = {
			isa = XCBuildConfiguration;
			buildSettings = {
				ALWAYS_EMBED_SWIFT_STANDARD_LIBRARIES = YES;
				BUNDLE_LOADER = "$(TEST_HOST)";
				CODE_SIGN_STYLE = Automatic;
				CURRENT_PROJECT_VERSION = 1;
				DEVELOPMENT_TEAM = C98APEMDUR;
				GENERATE_INFOPLIST_FILE = YES;
				IPHONEOS_DEPLOYMENT_TARGET = 15.4;
				MARKETING_VERSION = 1.0;
				PRODUCT_BUNDLE_IDENTIFIER = com.joonwon.SymbolRollerTests;
				PRODUCT_NAME = "$(TARGET_NAME)";
				SWIFT_EMIT_LOC_STRINGS = NO;
				SWIFT_VERSION = 5.0;
				TARGETED_DEVICE_FAMILY = "1,2";
				TEST_HOST = "$(BUILT_PRODUCTS_DIR)/SymbolRoller.app/SymbolRoller";
			};
			name = Release;
		};
		949F6F2A280A94B8006C8F6B /* Debug */ = {
			isa = XCBuildConfiguration;
			buildSettings = {
				ALWAYS_EMBED_SWIFT_STANDARD_LIBRARIES = YES;
				CODE_SIGN_STYLE = Automatic;
				CURRENT_PROJECT_VERSION = 1;
				DEVELOPMENT_TEAM = C98APEMDUR;
				GENERATE_INFOPLIST_FILE = YES;
				MARKETING_VERSION = 1.0;
				PRODUCT_BUNDLE_IDENTIFIER = com.joonwon.SymbolRollerUITests;
				PRODUCT_NAME = "$(TARGET_NAME)";
				SWIFT_EMIT_LOC_STRINGS = NO;
				SWIFT_VERSION = 5.0;
				TARGETED_DEVICE_FAMILY = "1,2";
				TEST_TARGET_NAME = SymbolRoller;
			};
			name = Debug;
		};
		949F6F2B280A94B8006C8F6B /* Release */ = {
			isa = XCBuildConfiguration;
			buildSettings = {
				ALWAYS_EMBED_SWIFT_STANDARD_LIBRARIES = YES;
				CODE_SIGN_STYLE = Automatic;
				CURRENT_PROJECT_VERSION = 1;
				DEVELOPMENT_TEAM = C98APEMDUR;
				GENERATE_INFOPLIST_FILE = YES;
				MARKETING_VERSION = 1.0;
				PRODUCT_BUNDLE_IDENTIFIER = com.joonwon.SymbolRollerUITests;
				PRODUCT_NAME = "$(TARGET_NAME)";
				SWIFT_EMIT_LOC_STRINGS = NO;
				SWIFT_VERSION = 5.0;
				TARGETED_DEVICE_FAMILY = "1,2";
				TEST_TARGET_NAME = SymbolRoller;
			};
			name = Release;
		};
/* End XCBuildConfiguration section */

/* Begin XCConfigurationList section */
		949F6EF4280A94B7006C8F6B /* Build configuration list for PBXProject "SymbolRoller" */ = {
			isa = XCConfigurationList;
			buildConfigurations = (
				949F6F21280A94B8006C8F6B /* Debug */,
				949F6F22280A94B8006C8F6B /* Release */,
			);
			defaultConfigurationIsVisible = 0;
			defaultConfigurationName = Release;
		};
		949F6F23280A94B8006C8F6B /* Build configuration list for PBXNativeTarget "SymbolRoller" */ = {
			isa = XCConfigurationList;
			buildConfigurations = (
				949F6F24280A94B8006C8F6B /* Debug */,
				949F6F25280A94B8006C8F6B /* Release */,
			);
			defaultConfigurationIsVisible = 0;
			defaultConfigurationName = Release;
		};
		949F6F26280A94B8006C8F6B /* Build configuration list for PBXNativeTarget "SymbolRollerTests" */ = {
			isa = XCConfigurationList;
			buildConfigurations = (
				949F6F27280A94B8006C8F6B /* Debug */,
				949F6F28280A94B8006C8F6B /* Release */,
			);
			defaultConfigurationIsVisible = 0;
			defaultConfigurationName = Release;
		};
		949F6F29280A94B8006C8F6B /* Build configuration list for PBXNativeTarget "SymbolRollerUITests" */ = {
			isa = XCConfigurationList;
			buildConfigurations = (
				949F6F2A280A94B8006C8F6B /* Debug */,
				949F6F2B280A94B8006C8F6B /* Release */,
			);
			defaultConfigurationIsVisible = 0;
			defaultConfigurationName = Release;
		};
/* End XCConfigurationList section */
	};
	rootObject = 949F6EF1280A94B7006C8F6B /* Project object */;
}
