// !$*UTF8*$!
{
	archiveVersion = 1;
	classes = {
	};
	objectVersion = 55;
	objects = {

/* Begin PBXBuildFile section */
		948CD1EB2812AD5E003DC0C4 /* AppDelegate.swift in Sources */ = {isa = PBXBuildFile; fileRef = 948CD1EA2812AD5E003DC0C4 /* AppDelegate.swift */; };
		948CD1ED2812AD5E003DC0C4 /* SceneDelegate.swift in Sources */ = {isa = PBXBuildFile; fileRef = 948CD1EC2812AD5E003DC0C4 /* SceneDelegate.swift */; };
		948CD1F22812AD5E003DC0C4 /* Main.storyboard in Resources */ = {isa = PBXBuildFile; fileRef = 948CD1F02812AD5E003DC0C4 /* Main.storyboard */; };
		948CD1F42812AD5F003DC0C4 /* Assets.xcassets in Resources */ = {isa = PBXBuildFile; fileRef = 948CD1F32812AD5F003DC0C4 /* Assets.xcassets */; };
		948CD1F72812AD5F003DC0C4 /* LaunchScreen.storyboard in Resources */ = {isa = PBXBuildFile; fileRef = 948CD1F52812AD5F003DC0C4 /* LaunchScreen.storyboard */; };
		948CD2022812AD5F003DC0C4 /* AppleFrameworkTests.swift in Sources */ = {isa = PBXBuildFile; fileRef = 948CD2012812AD5F003DC0C4 /* AppleFrameworkTests.swift */; };
		948CD20C2812AD5F003DC0C4 /* AppleFrameworkUITests.swift in Sources */ = {isa = PBXBuildFile; fileRef = 948CD20B2812AD5F003DC0C4 /* AppleFrameworkUITests.swift */; };
		948CD20E2812AD5F003DC0C4 /* AppleFrameworkUITestsLaunchTests.swift in Sources */ = {isa = PBXBuildFile; fileRef = 948CD20D2812AD5F003DC0C4 /* AppleFrameworkUITestsLaunchTests.swift */; };
		948CD21B2812ADBA003DC0C4 /* FramewokData.swift in Sources */ = {isa = PBXBuildFile; fileRef = 948CD21A2812ADBA003DC0C4 /* FramewokData.swift */; };
/* End PBXBuildFile section */

/* Begin PBXContainerItemProxy section */
		948CD1FE2812AD5F003DC0C4 /* PBXContainerItemProxy */ = {
			isa = PBXContainerItemProxy;
			containerPortal = 948CD1DF2812AD5E003DC0C4 /* Project object */;
			proxyType = 1;
			remoteGlobalIDString = 948CD1E62812AD5E003DC0C4;
			remoteInfo = AppleFramework;
		};
		948CD2082812AD5F003DC0C4 /* PBXContainerItemProxy */ = {
			isa = PBXContainerItemProxy;
			containerPortal = 948CD1DF2812AD5E003DC0C4 /* Project object */;
			proxyType = 1;
			remoteGlobalIDString = 948CD1E62812AD5E003DC0C4;
			remoteInfo = AppleFramework;
		};
/* End PBXContainerItemProxy section */

/* Begin PBXFileReference section */
		948CD1E72812AD5E003DC0C4 /* AppleFramework.app */ = {isa = PBXFileReference; explicitFileType = wrapper.application; includeInIndex = 0; path = AppleFramework.app; sourceTree = BUILT_PRODUCTS_DIR; };
		948CD1EA2812AD5E003DC0C4 /* AppDelegate.swift */ = {isa = PBXFileReference; lastKnownFileType = sourcecode.swift; path = AppDelegate.swift; sourceTree = "<group>"; };
		948CD1EC2812AD5E003DC0C4 /* SceneDelegate.swift */ = {isa = PBXFileReference; lastKnownFileType = sourcecode.swift; path = SceneDelegate.swift; sourceTree = "<group>"; };
		948CD1F12812AD5E003DC0C4 /* Base */ = {isa = PBXFileReference; lastKnownFileType = file.storyboard; name = Base; path = Base.lproj/Main.storyboard; sourceTree = "<group>"; };
		948CD1F32812AD5F003DC0C4 /* Assets.xcassets */ = {isa = PBXFileReference; lastKnownFileType = folder.assetcatalog; path = Assets.xcassets; sourceTree = "<group>"; };
		948CD1F62812AD5F003DC0C4 /* Base */ = {isa = PBXFileReference; lastKnownFileType = file.storyboard; name = Base; path = Base.lproj/LaunchScreen.storyboard; sourceTree = "<group>"; };
		948CD1F82812AD5F003DC0C4 /* Info.plist */ = {isa = PBXFileReference; lastKnownFileType = text.plist.xml; path = Info.plist; sourceTree = "<group>"; };
		948CD1FD2812AD5F003DC0C4 /* AppleFrameworkTests.xctest */ = {isa = PBXFileReference; explicitFileType = wrapper.cfbundle; includeInIndex = 0; path = AppleFrameworkTests.xctest; sourceTree = BUILT_PRODUCTS_DIR; };
		948CD2012812AD5F003DC0C4 /* AppleFrameworkTests.swift */ = {isa = PBXFileReference; lastKnownFileType = sourcecode.swift; path = AppleFrameworkTests.swift; sourceTree = "<group>"; };
		948CD2072812AD5F003DC0C4 /* AppleFrameworkUITests.xctest */ = {isa = PBXFileReference; explicitFileType = wrapper.cfbundle; includeInIndex = 0; path = AppleFrameworkUITests.xctest; sourceTree = BUILT_PRODUCTS_DIR; };
		948CD20B2812AD5F003DC0C4 /* AppleFrameworkUITests.swift */ = {isa = PBXFileReference; lastKnownFileType = sourcecode.swift; path = AppleFrameworkUITests.swift; sourceTree = "<group>"; };
		948CD20D2812AD5F003DC0C4 /* AppleFrameworkUITestsLaunchTests.swift */ = {isa = PBXFileReference; lastKnownFileType = sourcecode.swift; path = AppleFrameworkUITestsLaunchTests.swift; sourceTree = "<group>"; };
		948CD21A2812ADBA003DC0C4 /* FramewokData.swift */ = {isa = PBXFileReference; lastKnownFileType = sourcecode.swift; path = FramewokData.swift; sourceTree = "<group>"; };
/* End PBXFileReference section */

/* Begin PBXFrameworksBuildPhase section */
		948CD1E42812AD5E003DC0C4 /* Frameworks */ = {
			isa = PBXFrameworksBuildPhase;
			buildActionMask = 2147483647;
			files = (
			);
			runOnlyForDeploymentPostprocessing = 0;
		};
		948CD1FA2812AD5F003DC0C4 /* Frameworks */ = {
			isa = PBXFrameworksBuildPhase;
			buildActionMask = 2147483647;
			files = (
			);
			runOnlyForDeploymentPostprocessing = 0;
		};
		948CD2042812AD5F003DC0C4 /* Frameworks */ = {
			isa = PBXFrameworksBuildPhase;
			buildActionMask = 2147483647;
			files = (
			);
			runOnlyForDeploymentPostprocessing = 0;
		};
/* End PBXFrameworksBuildPhase section */

/* Begin PBXGroup section */
		948CD1DE2812AD5E003DC0C4 = {
			isa = PBXGroup;
			children = (
				948CD1E92812AD5E003DC0C4 /* AppleFramework */,
				948CD2002812AD5F003DC0C4 /* AppleFrameworkTests */,
				948CD20A2812AD5F003DC0C4 /* AppleFrameworkUITests */,
				948CD1E82812AD5E003DC0C4 /* Products */,
			);
			sourceTree = "<group>";
		};
		948CD1E82812AD5E003DC0C4 /* Products */ = {
			isa = PBXGroup;
			children = (
				948CD1E72812AD5E003DC0C4 /* AppleFramework.app */,
				948CD1FD2812AD5F003DC0C4 /* AppleFrameworkTests.xctest */,
				948CD2072812AD5F003DC0C4 /* AppleFrameworkUITests.xctest */,
			);
			name = Products;
			sourceTree = "<group>";
		};
		948CD1E92812AD5E003DC0C4 /* AppleFramework */ = {
			isa = PBXGroup;
			children = (
				948CD1EA2812AD5E003DC0C4 /* AppDelegate.swift */,
				948CD1EC2812AD5E003DC0C4 /* SceneDelegate.swift */,
				948CD21A2812ADBA003DC0C4 /* FramewokData.swift */,
				948CD1F02812AD5E003DC0C4 /* Main.storyboard */,
				948CD1F32812AD5F003DC0C4 /* Assets.xcassets */,
				948CD1F52812AD5F003DC0C4 /* LaunchScreen.storyboard */,
				948CD1F82812AD5F003DC0C4 /* Info.plist */,
			);
			path = AppleFramework;
			sourceTree = "<group>";
		};
		948CD2002812AD5F003DC0C4 /* AppleFrameworkTests */ = {
			isa = PBXGroup;
			children = (
				948CD2012812AD5F003DC0C4 /* AppleFrameworkTests.swift */,
			);
			path = AppleFrameworkTests;
			sourceTree = "<group>";
		};
		948CD20A2812AD5F003DC0C4 /* AppleFrameworkUITests */ = {
			isa = PBXGroup;
			children = (
				948CD20B2812AD5F003DC0C4 /* AppleFrameworkUITests.swift */,
				948CD20D2812AD5F003DC0C4 /* AppleFrameworkUITestsLaunchTests.swift */,
			);
			path = AppleFrameworkUITests;
			sourceTree = "<group>";
		};
/* End PBXGroup section */

/* Begin PBXNativeTarget section */
		948CD1E62812AD5E003DC0C4 /* AppleFramework */ = {
			isa = PBXNativeTarget;
			buildConfigurationList = 948CD2112812AD5F003DC0C4 /* Build configuration list for PBXNativeTarget "AppleFramework" */;
			buildPhases = (
				948CD1E32812AD5E003DC0C4 /* Sources */,
				948CD1E42812AD5E003DC0C4 /* Frameworks */,
				948CD1E52812AD5E003DC0C4 /* Resources */,
			);
			buildRules = (
			);
			dependencies = (
			);
			name = AppleFramework;
			productName = AppleFramework;
			productReference = 948CD1E72812AD5E003DC0C4 /* AppleFramework.app */;
			productType = "com.apple.product-type.application";
		};
		948CD1FC2812AD5F003DC0C4 /* AppleFrameworkTests */ = {
			isa = PBXNativeTarget;
			buildConfigurationList = 948CD2142812AD5F003DC0C4 /* Build configuration list for PBXNativeTarget "AppleFrameworkTests" */;
			buildPhases = (
				948CD1F92812AD5F003DC0C4 /* Sources */,
				948CD1FA2812AD5F003DC0C4 /* Frameworks */,
				948CD1FB2812AD5F003DC0C4 /* Resources */,
			);
			buildRules = (
			);
			dependencies = (
				948CD1FF2812AD5F003DC0C4 /* PBXTargetDependency */,
			);
			name = AppleFrameworkTests;
			productName = AppleFrameworkTests;
			productReference = 948CD1FD2812AD5F003DC0C4 /* AppleFrameworkTests.xctest */;
			productType = "com.apple.product-type.bundle.unit-test";
		};
		948CD2062812AD5F003DC0C4 /* AppleFrameworkUITests */ = {
			isa = PBXNativeTarget;
			buildConfigurationList = 948CD2172812AD5F003DC0C4 /* Build configuration list for PBXNativeTarget "AppleFrameworkUITests" */;
			buildPhases = (
				948CD2032812AD5F003DC0C4 /* Sources */,
				948CD2042812AD5F003DC0C4 /* Frameworks */,
				948CD2052812AD5F003DC0C4 /* Resources */,
			);
			buildRules = (
			);
			dependencies = (
				948CD2092812AD5F003DC0C4 /* PBXTargetDependency */,
			);
			name = AppleFrameworkUITests;
			productName = AppleFrameworkUITests;
			productReference = 948CD2072812AD5F003DC0C4 /* AppleFrameworkUITests.xctest */;
			productType = "com.apple.product-type.bundle.ui-testing";
		};
/* End PBXNativeTarget section */

/* Begin PBXProject section */
		948CD1DF2812AD5E003DC0C4 /* Project object */ = {
			isa = PBXProject;
			attributes = {
				BuildIndependentTargetsInParallel = 1;
				LastSwiftUpdateCheck = 1330;
				LastUpgradeCheck = 1330;
				TargetAttributes = {
					948CD1E62812AD5E003DC0C4 = {
						CreatedOnToolsVersion = 13.3.1;
					};
					948CD1FC2812AD5F003DC0C4 = {
						CreatedOnToolsVersion = 13.3.1;
						TestTargetID = 948CD1E62812AD5E003DC0C4;
					};
					948CD2062812AD5F003DC0C4 = {
						CreatedOnToolsVersion = 13.3.1;
						TestTargetID = 948CD1E62812AD5E003DC0C4;
					};
				};
			};
			buildConfigurationList = 948CD1E22812AD5E003DC0C4 /* Build configuration list for PBXProject "AppleFramework" */;
			compatibilityVersion = "Xcode 13.0";
			developmentRegion = en;
			hasScannedForEncodings = 0;
			knownRegions = (
				en,
				Base,
			);
			mainGroup = 948CD1DE2812AD5E003DC0C4;
			productRefGroup = 948CD1E82812AD5E003DC0C4 /* Products */;
			projectDirPath = "";
			projectRoot = "";
			targets = (
				948CD1E62812AD5E003DC0C4 /* AppleFramework */,
				948CD1FC2812AD5F003DC0C4 /* AppleFrameworkTests */,
				948CD2062812AD5F003DC0C4 /* AppleFrameworkUITests */,
			);
		};
/* End PBXProject section */

/* Begin PBXResourcesBuildPhase section */
		948CD1E52812AD5E003DC0C4 /* Resources */ = {
			isa = PBXResourcesBuildPhase;
			buildActionMask = 2147483647;
			files = (
				948CD1F72812AD5F003DC0C4 /* LaunchScreen.storyboard in Resources */,
				948CD1F42812AD5F003DC0C4 /* Assets.xcassets in Resources */,
				948CD1F22812AD5E003DC0C4 /* Main.storyboard in Resources */,
			);
			runOnlyForDeploymentPostprocessing = 0;
		};
		948CD1FB2812AD5F003DC0C4 /* Resources */ = {
			isa = PBXResourcesBuildPhase;
			buildActionMask = 2147483647;
			files = (
			);
			runOnlyForDeploymentPostprocessing = 0;
		};
		948CD2052812AD5F003DC0C4 /* Resources */ = {
			isa = PBXResourcesBuildPhase;
			buildActionMask = 2147483647;
			files = (
			);
			runOnlyForDeploymentPostprocessing = 0;
		};
/* End PBXResourcesBuildPhase section */

/* Begin PBXSourcesBuildPhase section */
		948CD1E32812AD5E003DC0C4 /* Sources */ = {
			isa = PBXSourcesBuildPhase;
			buildActionMask = 2147483647;
			files = (
				948CD1EB2812AD5E003DC0C4 /* AppDelegate.swift in Sources */,
				948CD1ED2812AD5E003DC0C4 /* SceneDelegate.swift in Sources */,
				948CD21B2812ADBA003DC0C4 /* FramewokData.swift in Sources */,
			);
			runOnlyForDeploymentPostprocessing = 0;
		};
		948CD1F92812AD5F003DC0C4 /* Sources */ = {
			isa = PBXSourcesBuildPhase;
			buildActionMask = 2147483647;
			files = (
				948CD2022812AD5F003DC0C4 /* AppleFrameworkTests.swift in Sources */,
			);
			runOnlyForDeploymentPostprocessing = 0;
		};
		948CD2032812AD5F003DC0C4 /* Sources */ = {
			isa = PBXSourcesBuildPhase;
			buildActionMask = 2147483647;
			files = (
				948CD20E2812AD5F003DC0C4 /* AppleFrameworkUITestsLaunchTests.swift in Sources */,
				948CD20C2812AD5F003DC0C4 /* AppleFrameworkUITests.swift in Sources */,
			);
			runOnlyForDeploymentPostprocessing = 0;
		};
/* End PBXSourcesBuildPhase section */

/* Begin PBXTargetDependency section */
		948CD1FF2812AD5F003DC0C4 /* PBXTargetDependency */ = {
			isa = PBXTargetDependency;
			target = 948CD1E62812AD5E003DC0C4 /* AppleFramework */;
			targetProxy = 948CD1FE2812AD5F003DC0C4 /* PBXContainerItemProxy */;
		};
		948CD2092812AD5F003DC0C4 /* PBXTargetDependency */ = {
			isa = PBXTargetDependency;
			target = 948CD1E62812AD5E003DC0C4 /* AppleFramework */;
			targetProxy = 948CD2082812AD5F003DC0C4 /* PBXContainerItemProxy */;
		};
/* End PBXTargetDependency section */

/* Begin PBXVariantGroup section */
		948CD1F02812AD5E003DC0C4 /* Main.storyboard */ = {
			isa = PBXVariantGroup;
			children = (
				948CD1F12812AD5E003DC0C4 /* Base */,
			);
			name = Main.storyboard;
			sourceTree = "<group>";
		};
		948CD1F52812AD5F003DC0C4 /* LaunchScreen.storyboard */ = {
			isa = PBXVariantGroup;
			children = (
				948CD1F62812AD5F003DC0C4 /* Base */,
			);
			name = LaunchScreen.storyboard;
			sourceTree = "<group>";
		};
/* End PBXVariantGroup section */

/* Begin XCBuildConfiguration section */
		948CD20F2812AD5F003DC0C4 /* Debug */ = {
			isa = XCBuildConfiguration;
			buildSettings = {
				ALWAYS_SEARCH_USER_PATHS = NO;
				CLANG_ANALYZER_NONNULL = YES;
				CLANG_ANALYZER_NUMBER_OBJECT_CONVERSION = YES_AGGRESSIVE;
				CLANG_CXX_LANGUAGE_STANDARD = "gnu++17";
				CLANG_ENABLE_MODULES = YES;
				CLANG_ENABLE_OBJC_ARC = YES;
				CLANG_ENABLE_OBJC_WEAK = YES;
				CLANG_WARN_BLOCK_CAPTURE_AUTORELEASING = YES;
				CLANG_WARN_BOOL_CONVERSION = YES;
				CLANG_WARN_COMMA = YES;
				CLANG_WARN_CONSTANT_CONVERSION = YES;
				CLANG_WARN_DEPRECATED_OBJC_IMPLEMENTATIONS = YES;
				CLANG_WARN_DIRECT_OBJC_ISA_USAGE = YES_ERROR;
				CLANG_WARN_DOCUMENTATION_COMMENTS = YES;
				CLANG_WARN_EMPTY_BODY = YES;
				CLANG_WARN_ENUM_CONVERSION = YES;
				CLANG_WARN_INFINITE_RECURSION = YES;
				CLANG_WARN_INT_CONVERSION = YES;
				CLANG_WARN_NON_LITERAL_NULL_CONVERSION = YES;
				CLANG_WARN_OBJC_IMPLICIT_RETAIN_SELF = YES;
				CLANG_WARN_OBJC_LITERAL_CONVERSION = YES;
				CLANG_WARN_OBJC_ROOT_CLASS = YES_ERROR;
				CLANG_WARN_QUOTED_INCLUDE_IN_FRAMEWORK_HEADER = YES;
				CLANG_WARN_RANGE_LOOP_ANALYSIS = YES;
				CLANG_WARN_STRICT_PROTOTYPES = YES;
				CLANG_WARN_SUSPICIOUS_MOVE = YES;
				CLANG_WARN_UNGUARDED_AVAILABILITY = YES_AGGRESSIVE;
				CLANG_WARN_UNREACHABLE_CODE = YES;
				CLANG_WARN__DUPLICATE_METHOD_MATCH = YES;
				COPY_PHASE_STRIP = NO;
				DEBUG_INFORMATION_FORMAT = dwarf;
				ENABLE_STRICT_OBJC_MSGSEND = YES;
				ENABLE_TESTABILITY = YES;
				GCC_C_LANGUAGE_STANDARD = gnu11;
				GCC_DYNAMIC_NO_PIC = NO;
				GCC_NO_COMMON_BLOCKS = YES;
				GCC_OPTIMIZATION_LEVEL = 0;
				GCC_PREPROCESSOR_DEFINITIONS = (
					"DEBUG=1",
					"$(inherited)",
				);
				GCC_WARN_64_TO_32_BIT_CONVERSION = YES;
				GCC_WARN_ABOUT_RETURN_TYPE = YES_ERROR;
				GCC_WARN_UNDECLARED_SELECTOR = YES;
				GCC_WARN_UNINITIALIZED_AUTOS = YES_AGGRESSIVE;
				GCC_WARN_UNUSED_FUNCTION = YES;
				GCC_WARN_UNUSED_VARIABLE = YES;
				IPHONEOS_DEPLOYMENT_TARGET = 15.4;
				MTL_ENABLE_DEBUG_INFO = INCLUDE_SOURCE;
				MTL_FAST_MATH = YES;
				ONLY_ACTIVE_ARCH = YES;
				SDKROOT = iphoneos;
				SWIFT_ACTIVE_COMPILATION_CONDITIONS = DEBUG;
				SWIFT_OPTIMIZATION_LEVEL = "-Onone";
			};
			name = Debug;
		};
		948CD2102812AD5F003DC0C4 /* Release */ = {
			isa = XCBuildConfiguration;
			buildSettings = {
				ALWAYS_SEARCH_USER_PATHS = NO;
				CLANG_ANALYZER_NONNULL = YES;
				CLANG_ANALYZER_NUMBER_OBJECT_CONVERSION = YES_AGGRESSIVE;
				CLANG_CXX_LANGUAGE_STANDARD = "gnu++17";
				CLANG_ENABLE_MODULES = YES;
				CLANG_ENABLE_OBJC_ARC = YES;
				CLANG_ENABLE_OBJC_WEAK = YES;
				CLANG_WARN_BLOCK_CAPTURE_AUTORELEASING = YES;
				CLANG_WARN_BOOL_CONVERSION = YES;
				CLANG_WARN_COMMA = YES;
				CLANG_WARN_CONSTANT_CONVERSION = YES;
				CLANG_WARN_DEPRECATED_OBJC_IMPLEMENTATIONS = YES;
				CLANG_WARN_DIRECT_OBJC_ISA_USAGE = YES_ERROR;
				CLANG_WARN_DOCUMENTATION_COMMENTS = YES;
				CLANG_WARN_EMPTY_BODY = YES;
				CLANG_WARN_ENUM_CONVERSION = YES;
				CLANG_WARN_INFINITE_RECURSION = YES;
				CLANG_WARN_INT_CONVERSION = YES;
				CLANG_WARN_NON_LITERAL_NULL_CONVERSION = YES;
				CLANG_WARN_OBJC_IMPLICIT_RETAIN_SELF = YES;
				CLANG_WARN_OBJC_LITERAL_CONVERSION = YES;
				CLANG_WARN_OBJC_ROOT_CLASS = YES_ERROR;
				CLANG_WARN_QUOTED_INCLUDE_IN_FRAMEWORK_HEADER = YES;
				CLANG_WARN_RANGE_LOOP_ANALYSIS = YES;
				CLANG_WARN_STRICT_PROTOTYPES = YES;
				CLANG_WARN_SUSPICIOUS_MOVE = YES;
				CLANG_WARN_UNGUARDED_AVAILABILITY = YES_AGGRESSIVE;
				CLANG_WARN_UNREACHABLE_CODE = YES;
				CLANG_WARN__DUPLICATE_METHOD_MATCH = YES;
				COPY_PHASE_STRIP = NO;
				DEBUG_INFORMATION_FORMAT = "dwarf-with-dsym";
				ENABLE_NS_ASSERTIONS = NO;
				ENABLE_STRICT_OBJC_MSGSEND = YES;
				GCC_C_LANGUAGE_STANDARD = gnu11;
				GCC_NO_COMMON_BLOCKS = YES;
				GCC_WARN_64_TO_32_BIT_CONVERSION = YES;
				GCC_WARN_ABOUT_RETURN_TYPE = YES_ERROR;
				GCC_WARN_UNDECLARED_SELECTOR = YES;
				GCC_WARN_UNINITIALIZED_AUTOS = YES_AGGRESSIVE;
				GCC_WARN_UNUSED_FUNCTION = YES;
				GCC_WARN_UNUSED_VARIABLE = YES;
				IPHONEOS_DEPLOYMENT_TARGET = 15.4;
				MTL_ENABLE_DEBUG_INFO = NO;
				MTL_FAST_MATH = YES;
				SDKROOT = iphoneos;
				SWIFT_COMPILATION_MODE = wholemodule;
				SWIFT_OPTIMIZATION_LEVEL = "-O";
				VALIDATE_PRODUCT = YES;
			};
			name = Release;
		};
		948CD2122812AD5F003DC0C4 /* Debug */ = {
			isa = XCBuildConfiguration;
			buildSettings = {
				ASSETCATALOG_COMPILER_APPICON_NAME = AppIcon;
				ASSETCATALOG_COMPILER_GLOBAL_ACCENT_COLOR_NAME = AccentColor;
				CODE_SIGN_STYLE = Automatic;
				CURRENT_PROJECT_VERSION = 1;
				DEVELOPMENT_TEAM = C98APEMDUR;
				GENERATE_INFOPLIST_FILE = YES;
				INFOPLIST_FILE = AppleFramework/Info.plist;
				INFOPLIST_KEY_UIApplicationSupportsIndirectInputEvents = YES;
				INFOPLIST_KEY_UILaunchStoryboardName = LaunchScreen;
				INFOPLIST_KEY_UIMainStoryboardFile = Main;
				INFOPLIST_KEY_UISupportedInterfaceOrientations_iPad = "UIInterfaceOrientationPortrait UIInterfaceOrientationPortraitUpsideDown UIInterfaceOrientationLandscapeLeft UIInterfaceOrientationLandscapeRight";
				INFOPLIST_KEY_UISupportedInterfaceOrientations_iPhone = "UIInterfaceOrientationPortrait UIInterfaceOrientationLandscapeLeft UIInterfaceOrientationLandscapeRight";
				LD_RUNPATH_SEARCH_PATHS = (
					"$(inherited)",
					"@executable_path/Frameworks",
				);
				MARKETING_VERSION = 1.0;
				PRODUCT_BUNDLE_IDENTIFIER = com.joonwon.AppleFramework;
				PRODUCT_NAME = "$(TARGET_NAME)";
				SWIFT_EMIT_LOC_STRINGS = YES;
				SWIFT_VERSION = 5.0;
				TARGETED_DEVICE_FAMILY = "1,2";
			};
			name = Debug;
		};
		948CD2132812AD5F003DC0C4 /* Release */ = {
			isa = XCBuildConfiguration;
			buildSettings = {
				ASSETCATALOG_COMPILER_APPICON_NAME = AppIcon;
				ASSETCATALOG_COMPILER_GLOBAL_ACCENT_COLOR_NAME = AccentColor;
				CODE_SIGN_STYLE = Automatic;
				CURRENT_PROJECT_VERSION = 1;
				DEVELOPMENT_TEAM = C98APEMDUR;
				GENERATE_INFOPLIST_FILE = YES;
				INFOPLIST_FILE = AppleFramework/Info.plist;
				INFOPLIST_KEY_UIApplicationSupportsIndirectInputEvents = YES;
				INFOPLIST_KEY_UILaunchStoryboardName = LaunchScreen;
				INFOPLIST_KEY_UIMainStoryboardFile = Main;
				INFOPLIST_KEY_UISupportedInterfaceOrientations_iPad = "UIInterfaceOrientationPortrait UIInterfaceOrientationPortraitUpsideDown UIInterfaceOrientationLandscapeLeft UIInterfaceOrientationLandscapeRight";
				INFOPLIST_KEY_UISupportedInterfaceOrientations_iPhone = "UIInterfaceOrientationPortrait UIInterfaceOrientationLandscapeLeft UIInterfaceOrientationLandscapeRight";
				LD_RUNPATH_SEARCH_PATHS = (
					"$(inherited)",
					"@executable_path/Frameworks",
				);
				MARKETING_VERSION = 1.0;
				PRODUCT_BUNDLE_IDENTIFIER = com.joonwon.AppleFramework;
				PRODUCT_NAME = "$(TARGET_NAME)";
				SWIFT_EMIT_LOC_STRINGS = YES;
				SWIFT_VERSION = 5.0;
				TARGETED_DEVICE_FAMILY = "1,2";
			};
			name = Release;
		};
		948CD2152812AD5F003DC0C4 /* Debug */ = {
			isa = XCBuildConfiguration;
			buildSettings = {
				ALWAYS_EMBED_SWIFT_STANDARD_LIBRARIES = YES;
				BUNDLE_LOADER = "$(TEST_HOST)";
				CODE_SIGN_STYLE = Automatic;
				CURRENT_PROJECT_VERSION = 1;
				DEVELOPMENT_TEAM = C98APEMDUR;
				GENERATE_INFOPLIST_FILE = YES;
				IPHONEOS_DEPLOYMENT_TARGET = 15.4;
				MARKETING_VERSION = 1.0;
				PRODUCT_BUNDLE_IDENTIFIER = com.joonwon.AppleFrameworkTests;
				PRODUCT_NAME = "$(TARGET_NAME)";
				SWIFT_EMIT_LOC_STRINGS = NO;
				SWIFT_VERSION = 5.0;
				TARGETED_DEVICE_FAMILY = "1,2";
				TEST_HOST = "$(BUILT_PRODUCTS_DIR)/AppleFramework.app/AppleFramework";
			};
			name = Debug;
		};
		948CD2162812AD5F003DC0C4 /* Release */ = {
			isa = XCBuildConfiguration;
			buildSettings = {
				ALWAYS_EMBED_SWIFT_STANDARD_LIBRARIES = YES;
				BUNDLE_LOADER = "$(TEST_HOST)";
				CODE_SIGN_STYLE = Automatic;
				CURRENT_PROJECT_VERSION = 1;
				DEVELOPMENT_TEAM = C98APEMDUR;
				GENERATE_INFOPLIST_FILE = YES;
				IPHONEOS_DEPLOYMENT_TARGET = 15.4;
				MARKETING_VERSION = 1.0;
				PRODUCT_BUNDLE_IDENTIFIER = com.joonwon.AppleFrameworkTests;
				PRODUCT_NAME = "$(TARGET_NAME)";
				SWIFT_EMIT_LOC_STRINGS = NO;
				SWIFT_VERSION = 5.0;
				TARGETED_DEVICE_FAMILY = "1,2";
				TEST_HOST = "$(BUILT_PRODUCTS_DIR)/AppleFramework.app/AppleFramework";
			};
			name = Release;
		};
		948CD2182812AD5F003DC0C4 /* Debug */ = {
			isa = XCBuildConfiguration;
			buildSettings = {
				ALWAYS_EMBED_SWIFT_STANDARD_LIBRARIES = YES;
				CODE_SIGN_STYLE = Automatic;
				CURRENT_PROJECT_VERSION = 1;
				DEVELOPMENT_TEAM = C98APEMDUR;
				GENERATE_INFOPLIST_FILE = YES;
				MARKETING_VERSION = 1.0;
				PRODUCT_BUNDLE_IDENTIFIER = com.joonwon.AppleFrameworkUITests;
				PRODUCT_NAME = "$(TARGET_NAME)";
				SWIFT_EMIT_LOC_STRINGS = NO;
				SWIFT_VERSION = 5.0;
				TARGETED_DEVICE_FAMILY = "1,2";
				TEST_TARGET_NAME = AppleFramework;
			};
			name = Debug;
		};
		948CD2192812AD5F003DC0C4 /* Release */ = {
			isa = XCBuildConfiguration;
			buildSettings = {
				ALWAYS_EMBED_SWIFT_STANDARD_LIBRARIES = YES;
				CODE_SIGN_STYLE = Automatic;
				CURRENT_PROJECT_VERSION = 1;
				DEVELOPMENT_TEAM = C98APEMDUR;
				GENERATE_INFOPLIST_FILE = YES;
				MARKETING_VERSION = 1.0;
				PRODUCT_BUNDLE_IDENTIFIER = com.joonwon.AppleFrameworkUITests;
				PRODUCT_NAME = "$(TARGET_NAME)";
				SWIFT_EMIT_LOC_STRINGS = NO;
				SWIFT_VERSION = 5.0;
				TARGETED_DEVICE_FAMILY = "1,2";
				TEST_TARGET_NAME = AppleFramework;
			};
			name = Release;
		};
/* End XCBuildConfiguration section */

/* Begin XCConfigurationList section */
		948CD1E22812AD5E003DC0C4 /* Build configuration list for PBXProject "AppleFramework" */ = {
			isa = XCConfigurationList;
			buildConfigurations = (
				948CD20F2812AD5F003DC0C4 /* Debug */,
				948CD2102812AD5F003DC0C4 /* Release */,
			);
			defaultConfigurationIsVisible = 0;
			defaultConfigurationName = Release;
		};
		948CD2112812AD5F003DC0C4 /* Build configuration list for PBXNativeTarget "AppleFramework" */ = {
			isa = XCConfigurationList;
			buildConfigurations = (
				948CD2122812AD5F003DC0C4 /* Debug */,
				948CD2132812AD5F003DC0C4 /* Release */,
			);
			defaultConfigurationIsVisible = 0;
			defaultConfigurationName = Release;
		};
		948CD2142812AD5F003DC0C4 /* Build configuration list for PBXNativeTarget "AppleFrameworkTests" */ = {
			isa = XCConfigurationList;
			buildConfigurations = (
				948CD2152812AD5F003DC0C4 /* Debug */,
				948CD2162812AD5F003DC0C4 /* Release */,
			);
			defaultConfigurationIsVisible = 0;
			defaultConfigurationName = Release;
		};
		948CD2172812AD5F003DC0C4 /* Build configuration list for PBXNativeTarget "AppleFrameworkUITests" */ = {
			isa = XCConfigurationList;
			buildConfigurations = (
				948CD2182812AD5F003DC0C4 /* Debug */,
				948CD2192812AD5F003DC0C4 /* Release */,
			);
			defaultConfigurationIsVisible = 0;
			defaultConfigurationName = Release;
		};
/* End XCConfigurationList section */
	};
	rootObject = 948CD1DF2812AD5E003DC0C4 /* Project object */;
}
