// !$*UTF8*$!
{
	archiveVersion = 1;
	classes = {
	};
	objectVersion = 55;
	objects = {

/* Begin PBXBuildFile section */
		94F8249D2838CDE6002DAB06 /* SwiftUI_BasicApp.swift in Sources */ = {isa = PBXBuildFile; fileRef = 94F8249C2838CDE6002DAB06 /* SwiftUI_BasicApp.swift */; };
		94F8249F2838CDE6002DAB06 /* ContentView.swift in Sources */ = {isa = PBXBuildFile; fileRef = 94F8249E2838CDE6002DAB06 /* ContentView.swift */; };
		94F824A12838CDE6002DAB06 /* Assets.xcassets in Resources */ = {isa = PBXBuildFile; fileRef = 94F824A02838CDE6002DAB06 /* Assets.xcassets */; };
		94F824A42838CDE6002DAB06 /* Preview Assets.xcassets in Resources */ = {isa = PBXBuildFile; fileRef = 94F824A32838CDE6002DAB06 /* Preview Assets.xcassets */; };
		94F824AE2838CDE6002DAB06 /* SwiftUI_BasicTests.swift in Sources */ = {isa = PBXBuildFile; fileRef = 94F824AD2838CDE6002DAB06 /* SwiftUI_BasicTests.swift */; };
		94F824B82838CDE6002DAB06 /* SwiftUI_BasicUITests.swift in Sources */ = {isa = PBXBuildFile; fileRef = 94F824B72838CDE6002DAB06 /* SwiftUI_BasicUITests.swift */; };
		94F824BA2838CDE6002DAB06 /* SwiftUI_BasicUITestsLaunchTests.swift in Sources */ = {isa = PBXBuildFile; fileRef = 94F824B92838CDE6002DAB06 /* SwiftUI_BasicUITestsLaunchTests.swift */; };
		94F824C72838CE3A002DAB06 /* TextView.swift in Sources */ = {isa = PBXBuildFile; fileRef = 94F824C62838CE3A002DAB06 /* TextView.swift */; };
		94F824C92838CE86002DAB06 /* ButtonView.swift in Sources */ = {isa = PBXBuildFile; fileRef = 94F824C82838CE86002DAB06 /* ButtonView.swift */; };
		94F824CB2838CED6002DAB06 /* ImageView.swift in Sources */ = {isa = PBXBuildFile; fileRef = 94F824CA2838CED6002DAB06 /* ImageView.swift */; };
/* End PBXBuildFile section */

/* Begin PBXContainerItemProxy section */
		94F824AA2838CDE6002DAB06 /* PBXContainerItemProxy */ = {
			isa = PBXContainerItemProxy;
			containerPortal = 94F824912838CDE6002DAB06 /* Project object */;
			proxyType = 1;
			remoteGlobalIDString = 94F824982838CDE6002DAB06;
			remoteInfo = "SwiftUI-Basic";
		};
		94F824B42838CDE6002DAB06 /* PBXContainerItemProxy */ = {
			isa = PBXContainerItemProxy;
			containerPortal = 94F824912838CDE6002DAB06 /* Project object */;
			proxyType = 1;
			remoteGlobalIDString = 94F824982838CDE6002DAB06;
			remoteInfo = "SwiftUI-Basic";
		};
/* End PBXContainerItemProxy section */

/* Begin PBXFileReference section */
		94F824992838CDE6002DAB06 /* SwiftUI-Basic.app */ = {isa = PBXFileReference; explicitFileType = wrapper.application; includeInIndex = 0; path = "SwiftUI-Basic.app"; sourceTree = BUILT_PRODUCTS_DIR; };
		94F8249C2838CDE6002DAB06 /* SwiftUI_BasicApp.swift */ = {isa = PBXFileReference; lastKnownFileType = sourcecode.swift; path = SwiftUI_BasicApp.swift; sourceTree = "<group>"; };
		94F8249E2838CDE6002DAB06 /* ContentView.swift */ = {isa = PBXFileReference; lastKnownFileType = sourcecode.swift; path = ContentView.swift; sourceTree = "<group>"; };
		94F824A02838CDE6002DAB06 /* Assets.xcassets */ = {isa = PBXFileReference; lastKnownFileType = folder.assetcatalog; path = Assets.xcassets; sourceTree = "<group>"; };
		94F824A32838CDE6002DAB06 /* Preview Assets.xcassets */ = {isa = PBXFileReference; lastKnownFileType = folder.assetcatalog; path = "Preview Assets.xcassets"; sourceTree = "<group>"; };
		94F824A92838CDE6002DAB06 /* SwiftUI-BasicTests.xctest */ = {isa = PBXFileReference; explicitFileType = wrapper.cfbundle; includeInIndex = 0; path = "SwiftUI-BasicTests.xctest"; sourceTree = BUILT_PRODUCTS_DIR; };
		94F824AD2838CDE6002DAB06 /* SwiftUI_BasicTests.swift */ = {isa = PBXFileReference; lastKnownFileType = sourcecode.swift; path = SwiftUI_BasicTests.swift; sourceTree = "<group>"; };
		94F824B32838CDE6002DAB06 /* SwiftUI-BasicUITests.xctest */ = {isa = PBXFileReference; explicitFileType = wrapper.cfbundle; includeInIndex = 0; path = "SwiftUI-BasicUITests.xctest"; sourceTree = BUILT_PRODUCTS_DIR; };
		94F824B72838CDE6002DAB06 /* SwiftUI_BasicUITests.swift */ = {isa = PBXFileReference; lastKnownFileType = sourcecode.swift; path = SwiftUI_BasicUITests.swift; sourceTree = "<group>"; };
		94F824B92838CDE6002DAB06 /* SwiftUI_BasicUITestsLaunchTests.swift */ = {isa = PBXFileReference; lastKnownFileType = sourcecode.swift; path = SwiftUI_BasicUITestsLaunchTests.swift; sourceTree = "<group>"; };
		94F824C62838CE3A002DAB06 /* TextView.swift */ = {isa = PBXFileReference; lastKnownFileType = sourcecode.swift; path = TextView.swift; sourceTree = "<group>"; };
		94F824C82838CE86002DAB06 /* ButtonView.swift */ = {isa = PBXFileReference; lastKnownFileType = sourcecode.swift; path = ButtonView.swift; sourceTree = "<group>"; };
		94F824CA2838CED6002DAB06 /* ImageView.swift */ = {isa = PBXFileReference; lastKnownFileType = sourcecode.swift; path = ImageView.swift; sourceTree = "<group>"; };
/* End PBXFileReference section */

/* Begin PBXFrameworksBuildPhase section */
		94F824962838CDE6002DAB06 /* Frameworks */ = {
			isa = PBXFrameworksBuildPhase;
			buildActionMask = 2147483647;
			files = (
			);
			runOnlyForDeploymentPostprocessing = 0;
		};
		94F824A62838CDE6002DAB06 /* Frameworks */ = {
			isa = PBXFrameworksBuildPhase;
			buildActionMask = 2147483647;
			files = (
			);
			runOnlyForDeploymentPostprocessing = 0;
		};
		94F824B02838CDE6002DAB06 /* Frameworks */ = {
			isa = PBXFrameworksBuildPhase;
			buildActionMask = 2147483647;
			files = (
			);
			runOnlyForDeploymentPostprocessing = 0;
		};
/* End PBXFrameworksBuildPhase section */

/* Begin PBXGroup section */
		94F824902838CDE6002DAB06 = {
			isa = PBXGroup;
			children = (
				94F8249B2838CDE6002DAB06 /* SwiftUI-Basic */,
				94F824AC2838CDE6002DAB06 /* SwiftUI-BasicTests */,
				94F824B62838CDE6002DAB06 /* SwiftUI-BasicUITests */,
				94F8249A2838CDE6002DAB06 /* Products */,
			);
			sourceTree = "<group>";
		};
		94F8249A2838CDE6002DAB06 /* Products */ = {
			isa = PBXGroup;
			children = (
				94F824992838CDE6002DAB06 /* SwiftUI-Basic.app */,
				94F824A92838CDE6002DAB06 /* SwiftUI-BasicTests.xctest */,
				94F824B32838CDE6002DAB06 /* SwiftUI-BasicUITests.xctest */,
			);
			name = Products;
			sourceTree = "<group>";
		};
		94F8249B2838CDE6002DAB06 /* SwiftUI-Basic */ = {
			isa = PBXGroup;
			children = (
				94F8249C2838CDE6002DAB06 /* SwiftUI_BasicApp.swift */,
				94F8249E2838CDE6002DAB06 /* ContentView.swift */,
				94F824C62838CE3A002DAB06 /* TextView.swift */,
				94F824C82838CE86002DAB06 /* ButtonView.swift */,
				94F824CA2838CED6002DAB06 /* ImageView.swift */,
				94F824A02838CDE6002DAB06 /* Assets.xcassets */,
				94F824A22838CDE6002DAB06 /* Preview Content */,
			);
			path = "SwiftUI-Basic";
			sourceTree = "<group>";
		};
		94F824A22838CDE6002DAB06 /* Preview Content */ = {
			isa = PBXGroup;
			children = (
				94F824A32838CDE6002DAB06 /* Preview Assets.xcassets */,
			);
			path = "Preview Content";
			sourceTree = "<group>";
		};
		94F824AC2838CDE6002DAB06 /* SwiftUI-BasicTests */ = {
			isa = PBXGroup;
			children = (
				94F824AD2838CDE6002DAB06 /* SwiftUI_BasicTests.swift */,
			);
			path = "SwiftUI-BasicTests";
			sourceTree = "<group>";
		};
		94F824B62838CDE6002DAB06 /* SwiftUI-BasicUITests */ = {
			isa = PBXGroup;
			children = (
				94F824B72838CDE6002DAB06 /* SwiftUI_BasicUITests.swift */,
				94F824B92838CDE6002DAB06 /* SwiftUI_BasicUITestsLaunchTests.swift */,
			);
			path = "SwiftUI-BasicUITests";
			sourceTree = "<group>";
		};
/* End PBXGroup section */

/* Begin PBXNativeTarget section */
		94F824982838CDE6002DAB06 /* SwiftUI-Basic */ = {
			isa = PBXNativeTarget;
			buildConfigurationList = 94F824BD2838CDE6002DAB06 /* Build configuration list for PBXNativeTarget "SwiftUI-Basic" */;
			buildPhases = (
				94F824952838CDE6002DAB06 /* Sources */,
				94F824962838CDE6002DAB06 /* Frameworks */,
				94F824972838CDE6002DAB06 /* Resources */,
			);
			buildRules = (
			);
			dependencies = (
			);
			name = "SwiftUI-Basic";
			productName = "SwiftUI-Basic";
			productReference = 94F824992838CDE6002DAB06 /* SwiftUI-Basic.app */;
			productType = "com.apple.product-type.application";
		};
		94F824A82838CDE6002DAB06 /* SwiftUI-BasicTests */ = {
			isa = PBXNativeTarget;
			buildConfigurationList = 94F824C02838CDE6002DAB06 /* Build configuration list for PBXNativeTarget "SwiftUI-BasicTests" */;
			buildPhases = (
				94F824A52838CDE6002DAB06 /* Sources */,
				94F824A62838CDE6002DAB06 /* Frameworks */,
				94F824A72838CDE6002DAB06 /* Resources */,
			);
			buildRules = (
			);
			dependencies = (
				94F824AB2838CDE6002DAB06 /* PBXTargetDependency */,
			);
			name = "SwiftUI-BasicTests";
			productName = "SwiftUI-BasicTests";
			productReference = 94F824A92838CDE6002DAB06 /* SwiftUI-BasicTests.xctest */;
			productType = "com.apple.product-type.bundle.unit-test";
		};
		94F824B22838CDE6002DAB06 /* SwiftUI-BasicUITests */ = {
			isa = PBXNativeTarget;
			buildConfigurationList = 94F824C32838CDE6002DAB06 /* Build configuration list for PBXNativeTarget "SwiftUI-BasicUITests" */;
			buildPhases = (
				94F824AF2838CDE6002DAB06 /* Sources */,
				94F824B02838CDE6002DAB06 /* Frameworks */,
				94F824B12838CDE6002DAB06 /* Resources */,
			);
			buildRules = (
			);
			dependencies = (
				94F824B52838CDE6002DAB06 /* PBXTargetDependency */,
			);
			name = "SwiftUI-BasicUITests";
			productName = "SwiftUI-BasicUITests";
			productReference = 94F824B32838CDE6002DAB06 /* SwiftUI-BasicUITests.xctest */;
			productType = "com.apple.product-type.bundle.ui-testing";
		};
/* End PBXNativeTarget section */

/* Begin PBXProject section */
		94F824912838CDE6002DAB06 /* Project object */ = {
			isa = PBXProject;
			attributes = {
				BuildIndependentTargetsInParallel = 1;
				LastSwiftUpdateCheck = 1330;
				LastUpgradeCheck = 1330;
				TargetAttributes = {
					94F824982838CDE6002DAB06 = {
						CreatedOnToolsVersion = 13.3.1;
					};
					94F824A82838CDE6002DAB06 = {
						CreatedOnToolsVersion = 13.3.1;
						TestTargetID = 94F824982838CDE6002DAB06;
					};
					94F824B22838CDE6002DAB06 = {
						CreatedOnToolsVersion = 13.3.1;
						TestTargetID = 94F824982838CDE6002DAB06;
					};
				};
			};
			buildConfigurationList = 94F824942838CDE6002DAB06 /* Build configuration list for PBXProject "SwiftUI-Basic" */;
			compatibilityVersion = "Xcode 13.0";
			developmentRegion = en;
			hasScannedForEncodings = 0;
			knownRegions = (
				en,
				Base,
			);
			mainGroup = 94F824902838CDE6002DAB06;
			productRefGroup = 94F8249A2838CDE6002DAB06 /* Products */;
			projectDirPath = "";
			projectRoot = "";
			targets = (
				94F824982838CDE6002DAB06 /* SwiftUI-Basic */,
				94F824A82838CDE6002DAB06 /* SwiftUI-BasicTests */,
				94F824B22838CDE6002DAB06 /* SwiftUI-BasicUITests */,
			);
		};
/* End PBXProject section */

/* Begin PBXResourcesBuildPhase section */
		94F824972838CDE6002DAB06 /* Resources */ = {
			isa = PBXResourcesBuildPhase;
			buildActionMask = 2147483647;
			files = (
				94F824A42838CDE6002DAB06 /* Preview Assets.xcassets in Resources */,
				94F824A12838CDE6002DAB06 /* Assets.xcassets in Resources */,
			);
			runOnlyForDeploymentPostprocessing = 0;
		};
		94F824A72838CDE6002DAB06 /* Resources */ = {
			isa = PBXResourcesBuildPhase;
			buildActionMask = 2147483647;
			files = (
			);
			runOnlyForDeploymentPostprocessing = 0;
		};
		94F824B12838CDE6002DAB06 /* Resources */ = {
			isa = PBXResourcesBuildPhase;
			buildActionMask = 2147483647;
			files = (
			);
			runOnlyForDeploymentPostprocessing = 0;
		};
/* End PBXResourcesBuildPhase section */

/* Begin PBXSourcesBuildPhase section */
		94F824952838CDE6002DAB06 /* Sources */ = {
			isa = PBXSourcesBuildPhase;
			buildActionMask = 2147483647;
			files = (
				94F824CB2838CED6002DAB06 /* ImageView.swift in Sources */,
				94F824C72838CE3A002DAB06 /* TextView.swift in Sources */,
				94F8249F2838CDE6002DAB06 /* ContentView.swift in Sources */,
				94F824C92838CE86002DAB06 /* ButtonView.swift in Sources */,
				94F8249D2838CDE6002DAB06 /* SwiftUI_BasicApp.swift in Sources */,
			);
			runOnlyForDeploymentPostprocessing = 0;
		};
		94F824A52838CDE6002DAB06 /* Sources */ = {
			isa = PBXSourcesBuildPhase;
			buildActionMask = 2147483647;
			files = (
				94F824AE2838CDE6002DAB06 /* SwiftUI_BasicTests.swift in Sources */,
			);
			runOnlyForDeploymentPostprocessing = 0;
		};
		94F824AF2838CDE6002DAB06 /* Sources */ = {
			isa = PBXSourcesBuildPhase;
			buildActionMask = 2147483647;
			files = (
				94F824B82838CDE6002DAB06 /* SwiftUI_BasicUITests.swift in Sources */,
				94F824BA2838CDE6002DAB06 /* SwiftUI_BasicUITestsLaunchTests.swift in Sources */,
			);
			runOnlyForDeploymentPostprocessing = 0;
		};
/* End PBXSourcesBuildPhase section */

/* Begin PBXTargetDependency section */
		94F824AB2838CDE6002DAB06 /* PBXTargetDependency */ = {
			isa = PBXTargetDependency;
			target = 94F824982838CDE6002DAB06 /* SwiftUI-Basic */;
			targetProxy = 94F824AA2838CDE6002DAB06 /* PBXContainerItemProxy */;
		};
		94F824B52838CDE6002DAB06 /* PBXTargetDependency */ = {
			isa = PBXTargetDependency;
			target = 94F824982838CDE6002DAB06 /* SwiftUI-Basic */;
			targetProxy = 94F824B42838CDE6002DAB06 /* PBXContainerItemProxy */;
		};
/* End PBXTargetDependency section */

/* Begin XCBuildConfiguration section */
		94F824BB2838CDE6002DAB06 /* Debug */ = {
			isa = XCBuildConfiguration;
			buildSettings = {
				ALWAYS_SEARCH_USER_PATHS = NO;
				CLANG_ANALYZER_NONNULL = YES;
				CLANG_ANALYZER_NUMBER_OBJECT_CONVERSION = YES_AGGRESSIVE;
				CLANG_CXX_LANGUAGE_STANDARD = "gnu++17";
				CLANG_ENABLE_MODULES = YES;
				CLANG_ENABLE_OBJC_ARC = YES;
				CLANG_ENABLE_OBJC_WEAK = YES;
				CLANG_WARN_BLOCK_CAPTURE_AUTORELEASING = YES;
				CLANG_WARN_BOOL_CONVERSION = YES;
				CLANG_WARN_COMMA = YES;
				CLANG_WARN_CONSTANT_CONVERSION = YES;
				CLANG_WARN_DEPRECATED_OBJC_IMPLEMENTATIONS = YES;
				CLANG_WARN_DIRECT_OBJC_ISA_USAGE = YES_ERROR;
				CLANG_WARN_DOCUMENTATION_COMMENTS = YES;
				CLANG_WARN_EMPTY_BODY = YES;
				CLANG_WARN_ENUM_CONVERSION = YES;
				CLANG_WARN_INFINITE_RECURSION = YES;
				CLANG_WARN_INT_CONVERSION = YES;
				CLANG_WARN_NON_LITERAL_NULL_CONVERSION = YES;
				CLANG_WARN_OBJC_IMPLICIT_RETAIN_SELF = YES;
				CLANG_WARN_OBJC_LITERAL_CONVERSION = YES;
				CLANG_WARN_OBJC_ROOT_CLASS = YES_ERROR;
				CLANG_WARN_QUOTED_INCLUDE_IN_FRAMEWORK_HEADER = YES;
				CLANG_WARN_RANGE_LOOP_ANALYSIS = YES;
				CLANG_WARN_STRICT_PROTOTYPES = YES;
				CLANG_WARN_SUSPICIOUS_MOVE = YES;
				CLANG_WARN_UNGUARDED_AVAILABILITY = YES_AGGRESSIVE;
				CLANG_WARN_UNREACHABLE_CODE = YES;
				CLANG_WARN__DUPLICATE_METHOD_MATCH = YES;
				COPY_PHASE_STRIP = NO;
				DEBUG_INFORMATION_FORMAT = dwarf;
				ENABLE_STRICT_OBJC_MSGSEND = YES;
				ENABLE_TESTABILITY = YES;
				GCC_C_LANGUAGE_STANDARD = gnu11;
				GCC_DYNAMIC_NO_PIC = NO;
				GCC_NO_COMMON_BLOCKS = YES;
				GCC_OPTIMIZATION_LEVEL = 0;
				GCC_PREPROCESSOR_DEFINITIONS = (
					"DEBUG=1",
					"$(inherited)",
				);
				GCC_WARN_64_TO_32_BIT_CONVERSION = YES;
				GCC_WARN_ABOUT_RETURN_TYPE = YES_ERROR;
				GCC_WARN_UNDECLARED_SELECTOR = YES;
				GCC_WARN_UNINITIALIZED_AUTOS = YES_AGGRESSIVE;
				GCC_WARN_UNUSED_FUNCTION = YES;
				GCC_WARN_UNUSED_VARIABLE = YES;
				IPHONEOS_DEPLOYMENT_TARGET = 15.4;
				MTL_ENABLE_DEBUG_INFO = INCLUDE_SOURCE;
				MTL_FAST_MATH = YES;
				ONLY_ACTIVE_ARCH = YES;
				SDKROOT = iphoneos;
				SWIFT_ACTIVE_COMPILATION_CONDITIONS = DEBUG;
				SWIFT_OPTIMIZATION_LEVEL = "-Onone";
			};
			name = Debug;
		};
		94F824BC2838CDE6002DAB06 /* Release */ = {
			isa = XCBuildConfiguration;
			buildSettings = {
				ALWAYS_SEARCH_USER_PATHS = NO;
				CLANG_ANALYZER_NONNULL = YES;
				CLANG_ANALYZER_NUMBER_OBJECT_CONVERSION = YES_AGGRESSIVE;
				CLANG_CXX_LANGUAGE_STANDARD = "gnu++17";
				CLANG_ENABLE_MODULES = YES;
				CLANG_ENABLE_OBJC_ARC = YES;
				CLANG_ENABLE_OBJC_WEAK = YES;
				CLANG_WARN_BLOCK_CAPTURE_AUTORELEASING = YES;
				CLANG_WARN_BOOL_CONVERSION = YES;
				CLANG_WARN_COMMA = YES;
				CLANG_WARN_CONSTANT_CONVERSION = YES;
				CLANG_WARN_DEPRECATED_OBJC_IMPLEMENTATIONS = YES;
				CLANG_WARN_DIRECT_OBJC_ISA_USAGE = YES_ERROR;
				CLANG_WARN_DOCUMENTATION_COMMENTS = YES;
				CLANG_WARN_EMPTY_BODY = YES;
				CLANG_WARN_ENUM_CONVERSION = YES;
				CLANG_WARN_INFINITE_RECURSION = YES;
				CLANG_WARN_INT_CONVERSION = YES;
				CLANG_WARN_NON_LITERAL_NULL_CONVERSION = YES;
				CLANG_WARN_OBJC_IMPLICIT_RETAIN_SELF = YES;
				CLANG_WARN_OBJC_LITERAL_CONVERSION = YES;
				CLANG_WARN_OBJC_ROOT_CLASS = YES_ERROR;
				CLANG_WARN_QUOTED_INCLUDE_IN_FRAMEWORK_HEADER = YES;
				CLANG_WARN_RANGE_LOOP_ANALYSIS = YES;
				CLANG_WARN_STRICT_PROTOTYPES = YES;
				CLANG_WARN_SUSPICIOUS_MOVE = YES;
				CLANG_WARN_UNGUARDED_AVAILABILITY = YES_AGGRESSIVE;
				CLANG_WARN_UNREACHABLE_CODE = YES;
				CLANG_WARN__DUPLICATE_METHOD_MATCH = YES;
				COPY_PHASE_STRIP = NO;
				DEBUG_INFORMATION_FORMAT = "dwarf-with-dsym";
				ENABLE_NS_ASSERTIONS = NO;
				ENABLE_STRICT_OBJC_MSGSEND = YES;
				GCC_C_LANGUAGE_STANDARD = gnu11;
				GCC_NO_COMMON_BLOCKS = YES;
				GCC_WARN_64_TO_32_BIT_CONVERSION = YES;
				GCC_WARN_ABOUT_RETURN_TYPE = YES_ERROR;
				GCC_WARN_UNDECLARED_SELECTOR = YES;
				GCC_WARN_UNINITIALIZED_AUTOS = YES_AGGRESSIVE;
				GCC_WARN_UNUSED_FUNCTION = YES;
				GCC_WARN_UNUSED_VARIABLE = YES;
				IPHONEOS_DEPLOYMENT_TARGET = 15.4;
				MTL_ENABLE_DEBUG_INFO = NO;
				MTL_FAST_MATH = YES;
				SDKROOT = iphoneos;
				SWIFT_COMPILATION_MODE = wholemodule;
				SWIFT_OPTIMIZATION_LEVEL = "-O";
				VALIDATE_PRODUCT = YES;
			};
			name = Release;
		};
		94F824BE2838CDE6002DAB06 /* Debug */ = {
			isa = XCBuildConfiguration;
			buildSettings = {
				ASSETCATALOG_COMPILER_APPICON_NAME = AppIcon;
				ASSETCATALOG_COMPILER_GLOBAL_ACCENT_COLOR_NAME = AccentColor;
				CODE_SIGN_STYLE = Automatic;
				CURRENT_PROJECT_VERSION = 1;
				DEVELOPMENT_ASSET_PATHS = "\"SwiftUI-Basic/Preview Content\"";
				DEVELOPMENT_TEAM = C98APEMDUR;
				ENABLE_PREVIEWS = YES;
				GENERATE_INFOPLIST_FILE = YES;
				INFOPLIST_KEY_UIApplicationSceneManifest_Generation = YES;
				INFOPLIST_KEY_UIApplicationSupportsIndirectInputEvents = YES;
				INFOPLIST_KEY_UILaunchScreen_Generation = YES;
				INFOPLIST_KEY_UISupportedInterfaceOrientations_iPad = "UIInterfaceOrientationPortrait UIInterfaceOrientationPortraitUpsideDown UIInterfaceOrientationLandscapeLeft UIInterfaceOrientationLandscapeRight";
				INFOPLIST_KEY_UISupportedInterfaceOrientations_iPhone = "UIInterfaceOrientationPortrait UIInterfaceOrientationLandscapeLeft UIInterfaceOrientationLandscapeRight";
				LD_RUNPATH_SEARCH_PATHS = (
					"$(inherited)",
					"@executable_path/Frameworks",
				);
				MARKETING_VERSION = 1.0;
				PRODUCT_BUNDLE_IDENTIFIER = "com.joonwon.SwiftUI-Basic";
				PRODUCT_NAME = "$(TARGET_NAME)";
				SWIFT_EMIT_LOC_STRINGS = YES;
				SWIFT_VERSION = 5.0;
				TARGETED_DEVICE_FAMILY = "1,2";
			};
			name = Debug;
		};
		94F824BF2838CDE6002DAB06 /* Release */ = {
			isa = XCBuildConfiguration;
			buildSettings = {
				ASSETCATALOG_COMPILER_APPICON_NAME = AppIcon;
				ASSETCATALOG_COMPILER_GLOBAL_ACCENT_COLOR_NAME = AccentColor;
				CODE_SIGN_STYLE = Automatic;
				CURRENT_PROJECT_VERSION = 1;
				DEVELOPMENT_ASSET_PATHS = "\"SwiftUI-Basic/Preview Content\"";
				DEVELOPMENT_TEAM = C98APEMDUR;
				ENABLE_PREVIEWS = YES;
				GENERATE_INFOPLIST_FILE = YES;
				INFOPLIST_KEY_UIApplicationSceneManifest_Generation = YES;
				INFOPLIST_KEY_UIApplicationSupportsIndirectInputEvents = YES;
				INFOPLIST_KEY_UILaunchScreen_Generation = YES;
				INFOPLIST_KEY_UISupportedInterfaceOrientations_iPad = "UIInterfaceOrientationPortrait UIInterfaceOrientationPortraitUpsideDown UIInterfaceOrientationLandscapeLeft UIInterfaceOrientationLandscapeRight";
				INFOPLIST_KEY_UISupportedInterfaceOrientations_iPhone = "UIInterfaceOrientationPortrait UIInterfaceOrientationLandscapeLeft UIInterfaceOrientationLandscapeRight";
				LD_RUNPATH_SEARCH_PATHS = (
					"$(inherited)",
					"@executable_path/Frameworks",
				);
				MARKETING_VERSION = 1.0;
				PRODUCT_BUNDLE_IDENTIFIER = "com.joonwon.SwiftUI-Basic";
				PRODUCT_NAME = "$(TARGET_NAME)";
				SWIFT_EMIT_LOC_STRINGS = YES;
				SWIFT_VERSION = 5.0;
				TARGETED_DEVICE_FAMILY = "1,2";
			};
			name = Release;
		};
		94F824C12838CDE6002DAB06 /* Debug */ = {
			isa = XCBuildConfiguration;
			buildSettings = {
				ALWAYS_EMBED_SWIFT_STANDARD_LIBRARIES = YES;
				BUNDLE_LOADER = "$(TEST_HOST)";
				CODE_SIGN_STYLE = Automatic;
				CURRENT_PROJECT_VERSION = 1;
				DEVELOPMENT_TEAM = C98APEMDUR;
				GENERATE_INFOPLIST_FILE = YES;
				IPHONEOS_DEPLOYMENT_TARGET = 15.4;
				MARKETING_VERSION = 1.0;
				PRODUCT_BUNDLE_IDENTIFIER = "com.joonwon.SwiftUI-BasicTests";
				PRODUCT_NAME = "$(TARGET_NAME)";
				SWIFT_EMIT_LOC_STRINGS = NO;
				SWIFT_VERSION = 5.0;
				TARGETED_DEVICE_FAMILY = "1,2";
				TEST_HOST = "$(BUILT_PRODUCTS_DIR)/SwiftUI-Basic.app/SwiftUI-Basic";
			};
			name = Debug;
		};
		94F824C22838CDE6002DAB06 /* Release */ = {
			isa = XCBuildConfiguration;
			buildSettings = {
				ALWAYS_EMBED_SWIFT_STANDARD_LIBRARIES = YES;
				BUNDLE_LOADER = "$(TEST_HOST)";
				CODE_SIGN_STYLE = Automatic;
				CURRENT_PROJECT_VERSION = 1;
				DEVELOPMENT_TEAM = C98APEMDUR;
				GENERATE_INFOPLIST_FILE = YES;
				IPHONEOS_DEPLOYMENT_TARGET = 15.4;
				MARKETING_VERSION = 1.0;
				PRODUCT_BUNDLE_IDENTIFIER = "com.joonwon.SwiftUI-BasicTests";
				PRODUCT_NAME = "$(TARGET_NAME)";
				SWIFT_EMIT_LOC_STRINGS = NO;
				SWIFT_VERSION = 5.0;
				TARGETED_DEVICE_FAMILY = "1,2";
				TEST_HOST = "$(BUILT_PRODUCTS_DIR)/SwiftUI-Basic.app/SwiftUI-Basic";
			};
			name = Release;
		};
		94F824C42838CDE6002DAB06 /* Debug */ = {
			isa = XCBuildConfiguration;
			buildSettings = {
				ALWAYS_EMBED_SWIFT_STANDARD_LIBRARIES = YES;
				CODE_SIGN_STYLE = Automatic;
				CURRENT_PROJECT_VERSION = 1;
				DEVELOPMENT_TEAM = C98APEMDUR;
				GENERATE_INFOPLIST_FILE = YES;
				MARKETING_VERSION = 1.0;
				PRODUCT_BUNDLE_IDENTIFIER = "com.joonwon.SwiftUI-BasicUITests";
				PRODUCT_NAME = "$(TARGET_NAME)";
				SWIFT_EMIT_LOC_STRINGS = NO;
				SWIFT_VERSION = 5.0;
				TARGETED_DEVICE_FAMILY = "1,2";
				TEST_TARGET_NAME = "SwiftUI-Basic";
			};
			name = Debug;
		};
		94F824C52838CDE6002DAB06 /* Release */ = {
			isa = XCBuildConfiguration;
			buildSettings = {
				ALWAYS_EMBED_SWIFT_STANDARD_LIBRARIES = YES;
				CODE_SIGN_STYLE = Automatic;
				CURRENT_PROJECT_VERSION = 1;
				DEVELOPMENT_TEAM = C98APEMDUR;
				GENERATE_INFOPLIST_FILE = YES;
				MARKETING_VERSION = 1.0;
				PRODUCT_BUNDLE_IDENTIFIER = "com.joonwon.SwiftUI-BasicUITests";
				PRODUCT_NAME = "$(TARGET_NAME)";
				SWIFT_EMIT_LOC_STRINGS = NO;
				SWIFT_VERSION = 5.0;
				TARGETED_DEVICE_FAMILY = "1,2";
				TEST_TARGET_NAME = "SwiftUI-Basic";
			};
			name = Release;
		};
/* End XCBuildConfiguration section */

/* Begin XCConfigurationList section */
		94F824942838CDE6002DAB06 /* Build configuration list for PBXProject "SwiftUI-Basic" */ = {
			isa = XCConfigurationList;
			buildConfigurations = (
				94F824BB2838CDE6002DAB06 /* Debug */,
				94F824BC2838CDE6002DAB06 /* Release */,
			);
			defaultConfigurationIsVisible = 0;
			defaultConfigurationName = Release;
		};
		94F824BD2838CDE6002DAB06 /* Build configuration list for PBXNativeTarget "SwiftUI-Basic" */ = {
			isa = XCConfigurationList;
			buildConfigurations = (
				94F824BE2838CDE6002DAB06 /* Debug */,
				94F824BF2838CDE6002DAB06 /* Release */,
			);
			defaultConfigurationIsVisible = 0;
			defaultConfigurationName = Release;
		};
		94F824C02838CDE6002DAB06 /* Build configuration list for PBXNativeTarget "SwiftUI-BasicTests" */ = {
			isa = XCConfigurationList;
			buildConfigurations = (
				94F824C12838CDE6002DAB06 /* Debug */,
				94F824C22838CDE6002DAB06 /* Release */,
			);
			defaultConfigurationIsVisible = 0;
			defaultConfigurationName = Release;
		};
		94F824C32838CDE6002DAB06 /* Build configuration list for PBXNativeTarget "SwiftUI-BasicUITests" */ = {
			isa = XCConfigurationList;
			buildConfigurations = (
				94F824C42838CDE6002DAB06 /* Debug */,
				94F824C52838CDE6002DAB06 /* Release */,
			);
			defaultConfigurationIsVisible = 0;
			defaultConfigurationName = Release;
		};
/* End XCConfigurationList section */
	};
	rootObject = 94F824912838CDE6002DAB06 /* Project object */;
}
